// !$*UTF8*$!
{
	archiveVersion = 1;
	classes = {
	};
	objectVersion = 51;
	objects = {

/* Begin PBXBuildFile section */
		0DE2229DD3B38CBEE9579469 /* Pods_Hemitage_HemitageUITests.framework in Frameworks */ = {isa = PBXBuildFile; fileRef = 5A1081C7998670EFECE87C53 /* Pods_Hemitage_HemitageUITests.framework */; };
		84205E57263832DB005264E8 /* UITextfield+View.swift in Sources */ = {isa = PBXBuildFile; fileRef = 84205E56263832DB005264E8 /* UITextfield+View.swift */; };
		843F0B56264EB90F004DE5A8 /* FirebaseStorageManager.swift in Sources */ = {isa = PBXBuildFile; fileRef = 843F0B55264EB90F004DE5A8 /* FirebaseStorageManager.swift */; };
		843F0B5826525EDE004DE5A8 /* StorageDirectory.swift in Sources */ = {isa = PBXBuildFile; fileRef = 843F0B5726525EDE004DE5A8 /* StorageDirectory.swift */; };
		843F0B5B26526E43004DE5A8 /* FireStoreCollectionName.swift in Sources */ = {isa = PBXBuildFile; fileRef = 843F0B5A26526E43004DE5A8 /* FireStoreCollectionName.swift */; };
		843F0B5D26527C02004DE5A8 /* FireStoreCacheDataManager.swift in Sources */ = {isa = PBXBuildFile; fileRef = 843F0B5C26527C02004DE5A8 /* FireStoreCacheDataManager.swift */; };
		843F0B6D26551D52004DE5A8 /* Article+CoreDataClass copy.swift in Sources */ = {isa = PBXBuildFile; fileRef = 843F0B6B26551D52004DE5A8 /* Article+CoreDataClass copy.swift */; };
		843F0B6E26551D52004DE5A8 /* Article+CoreDataClass copy.swift in Sources */ = {isa = PBXBuildFile; fileRef = 843F0B6B26551D52004DE5A8 /* Article+CoreDataClass copy.swift */; };
		843F0B6F26551D52004DE5A8 /* Article+CoreDataClass copy.swift in Sources */ = {isa = PBXBuildFile; fileRef = 843F0B6B26551D52004DE5A8 /* Article+CoreDataClass copy.swift */; };
		843F0B742655232E004DE5A8 /* DataStoreManager.swift in Sources */ = {isa = PBXBuildFile; fileRef = 843F0B732655232E004DE5A8 /* DataStoreManager.swift */; };
		843F0B752655232E004DE5A8 /* DataStoreManager.swift in Sources */ = {isa = PBXBuildFile; fileRef = 843F0B732655232E004DE5A8 /* DataStoreManager.swift */; };
		843F0B762655232E004DE5A8 /* DataStoreManager.swift in Sources */ = {isa = PBXBuildFile; fileRef = 843F0B732655232E004DE5A8 /* DataStoreManager.swift */; };
		843F0B79265528CF004DE5A8 /* FireStoreDataManagerProtocol.swift in Sources */ = {isa = PBXBuildFile; fileRef = 843F0B78265528CF004DE5A8 /* FireStoreDataManagerProtocol.swift */; };
		843F0B7A265528CF004DE5A8 /* FireStoreDataManagerProtocol.swift in Sources */ = {isa = PBXBuildFile; fileRef = 843F0B78265528CF004DE5A8 /* FireStoreDataManagerProtocol.swift */; };
		843F0B7B265528CF004DE5A8 /* FireStoreDataManagerProtocol.swift in Sources */ = {isa = PBXBuildFile; fileRef = 843F0B78265528CF004DE5A8 /* FireStoreDataManagerProtocol.swift */; };
		843F0B7D26552918004DE5A8 /* FireStoreDataManager.swift in Sources */ = {isa = PBXBuildFile; fileRef = 843F0B7C26552918004DE5A8 /* FireStoreDataManager.swift */; };
		843F0B7E26552918004DE5A8 /* FireStoreDataManager.swift in Sources */ = {isa = PBXBuildFile; fileRef = 843F0B7C26552918004DE5A8 /* FireStoreDataManager.swift */; };
		843F0B7F26552918004DE5A8 /* FireStoreDataManager.swift in Sources */ = {isa = PBXBuildFile; fileRef = 843F0B7C26552918004DE5A8 /* FireStoreDataManager.swift */; };
		843F0B812655345A004DE5A8 /* Date+StringPresentation.swift in Sources */ = {isa = PBXBuildFile; fileRef = 843F0B802655345A004DE5A8 /* Date+StringPresentation.swift */; };
		843F0B822655345A004DE5A8 /* Date+StringPresentation.swift in Sources */ = {isa = PBXBuildFile; fileRef = 843F0B802655345A004DE5A8 /* Date+StringPresentation.swift */; };
		843F0B832655345A004DE5A8 /* Date+StringPresentation.swift in Sources */ = {isa = PBXBuildFile; fileRef = 843F0B802655345A004DE5A8 /* Date+StringPresentation.swift */; };
		843F0B8A265680B1004DE5A8 /* ContentManager.swift in Sources */ = {isa = PBXBuildFile; fileRef = 843F0B89265680B1004DE5A8 /* ContentManager.swift */; };
		843F0B8B265680B1004DE5A8 /* ContentManager.swift in Sources */ = {isa = PBXBuildFile; fileRef = 843F0B89265680B1004DE5A8 /* ContentManager.swift */; };
		843F0B8C265680B1004DE5A8 /* ContentManager.swift in Sources */ = {isa = PBXBuildFile; fileRef = 843F0B89265680B1004DE5A8 /* ContentManager.swift */; };
		843F0B8F265682BF004DE5A8 /* TypeOfChangeDocument.swift in Sources */ = {isa = PBXBuildFile; fileRef = 843F0B8E265682BF004DE5A8 /* TypeOfChangeDocument.swift */; };
		843F0B9326579F4A004DE5A8 /* ImageCacheManager.swift in Sources */ = {isa = PBXBuildFile; fileRef = 843F0B9226579F49004DE5A8 /* ImageCacheManager.swift */; };
		843F0B9426579F4A004DE5A8 /* ImageCacheManager.swift in Sources */ = {isa = PBXBuildFile; fileRef = 843F0B9226579F49004DE5A8 /* ImageCacheManager.swift */; };
		843F0B9526579F4B004DE5A8 /* ImageCacheManager.swift in Sources */ = {isa = PBXBuildFile; fileRef = 843F0B9226579F49004DE5A8 /* ImageCacheManager.swift */; };
		848CF74326369F270070A3C6 /* AppDelegate.swift in Sources */ = {isa = PBXBuildFile; fileRef = 848CF74226369F270070A3C6 /* AppDelegate.swift */; };
		848CF74726369F270070A3C6 /* WelcomeViewController.swift in Sources */ = {isa = PBXBuildFile; fileRef = 848CF74626369F270070A3C6 /* WelcomeViewController.swift */; };
		848CF74A26369F270070A3C6 /* WelcomeViewController.storyboard in Resources */ = {isa = PBXBuildFile; fileRef = 848CF74826369F270070A3C6 /* WelcomeViewController.storyboard */; };
		848CF74D26369F270070A3C6 /* Hemitage.xcdatamodeld in Sources */ = {isa = PBXBuildFile; fileRef = 848CF74B26369F270070A3C6 /* Hemitage.xcdatamodeld */; };
		848CF74F26369F2C0070A3C6 /* Assets.xcassets in Resources */ = {isa = PBXBuildFile; fileRef = 848CF74E26369F2C0070A3C6 /* Assets.xcassets */; };
		848CF75226369F2C0070A3C6 /* LaunchScreen.storyboard in Resources */ = {isa = PBXBuildFile; fileRef = 848CF75026369F2C0070A3C6 /* LaunchScreen.storyboard */; };
		848CF75D26369F2C0070A3C6 /* HemitageTests.swift in Sources */ = {isa = PBXBuildFile; fileRef = 848CF75C26369F2C0070A3C6 /* HemitageTests.swift */; };
		848CF76826369F2C0070A3C6 /* HemitageUITests.swift in Sources */ = {isa = PBXBuildFile; fileRef = 848CF76726369F2C0070A3C6 /* HemitageUITests.swift */; };
		848CF78F2636B1A40070A3C6 /* Inter-Bold.ttf in Resources */ = {isa = PBXBuildFile; fileRef = 848CF78E2636B1A40070A3C6 /* Inter-Bold.ttf */; };
		848CF7902636B1A40070A3C6 /* Inter-Bold.ttf in Resources */ = {isa = PBXBuildFile; fileRef = 848CF78E2636B1A40070A3C6 /* Inter-Bold.ttf */; };
		848CF7912636B1A40070A3C6 /* Inter-Bold.ttf in Resources */ = {isa = PBXBuildFile; fileRef = 848CF78E2636B1A40070A3C6 /* Inter-Bold.ttf */; };
		84926F54264D0A89005E9074 /* MapCollectionViewCellModelView.swift in Sources */ = {isa = PBXBuildFile; fileRef = 84926F53264D0A89005E9074 /* MapCollectionViewCellModelView.swift */; };
		84926F56264D0D1F005E9074 /* MainScreenCollectionViewCellModelViewProtocol.swift in Sources */ = {isa = PBXBuildFile; fileRef = 84926F55264D0D1F005E9074 /* MainScreenCollectionViewCellModelViewProtocol.swift */; };
		84926F58264D1378005E9074 /* CategoriesCollectionViewCellModelView.swift in Sources */ = {isa = PBXBuildFile; fileRef = 84926F57264D1378005E9074 /* CategoriesCollectionViewCellModelView.swift */; };
		84926F5A264D1389005E9074 /* BlogCollectionViewCellModelView.swift in Sources */ = {isa = PBXBuildFile; fileRef = 84926F59264D1389005E9074 /* BlogCollectionViewCellModelView.swift */; };
		84926F88264D3D14005E9074 /* MainScreenBuilder.swift in Sources */ = {isa = PBXBuildFile; fileRef = 84926F87264D3D14005E9074 /* MainScreenBuilder.swift */; };
		84926F8A264D48D3005E9074 /* MainScreenCollectionViewSetup.swift in Sources */ = {isa = PBXBuildFile; fileRef = 84926F89264D48D3005E9074 /* MainScreenCollectionViewSetup.swift */; };
		849A50EA26394D600047340A /* AppDelegate+Navigation.swift in Sources */ = {isa = PBXBuildFile; fileRef = 849A50E926394D600047340A /* AppDelegate+Navigation.swift */; };
		849A50F2263972D10047340A /* EmailFireBaseLogInManager.swift in Sources */ = {isa = PBXBuildFile; fileRef = 849A50F1263972D10047340A /* EmailFireBaseLogInManager.swift */; };
		849A50F426397C250047340A /* LoginViewModel.swift in Sources */ = {isa = PBXBuildFile; fileRef = 849A50F326397C250047340A /* LoginViewModel.swift */; };
		849A50F626397FF10047340A /* SignInManager.swift in Sources */ = {isa = PBXBuildFile; fileRef = 849A50F526397FF10047340A /* SignInManager.swift */; };
		849A50F82639861E0047340A /* SignInViewModel.swift in Sources */ = {isa = PBXBuildFile; fileRef = 849A50F72639861E0047340A /* SignInViewModel.swift */; };
		849A50FA2639874F0047340A /* Validation.swift in Sources */ = {isa = PBXBuildFile; fileRef = 849A50F92639874F0047340A /* Validation.swift */; };
		849A50FC26398E4A0047340A /* FirebaseError.swift in Sources */ = {isa = PBXBuildFile; fileRef = 849A50FB26398E4A0047340A /* FirebaseError.swift */; };
		849A510026399CE80047340A /* AuthorizationTypeQualifier.swift in Sources */ = {isa = PBXBuildFile; fileRef = 849A50FF26399CE80047340A /* AuthorizationTypeQualifier.swift */; };
		849A51022639A2570047340A /* KeyboardManager.swift in Sources */ = {isa = PBXBuildFile; fileRef = 849A51012639A2570047340A /* KeyboardManager.swift */; };
		849C4E332645723300C26C53 /* MainScreenHeaderView.swift in Sources */ = {isa = PBXBuildFile; fileRef = 849C4E322645723300C26C53 /* MainScreenHeaderView.swift */; };
		849C4E352646C90400C26C53 /* MainScreenLayoutConstructor.swift in Sources */ = {isa = PBXBuildFile; fileRef = 849C4E342646C90400C26C53 /* MainScreenLayoutConstructor.swift */; };
		849C4E60264A71F900C26C53 /* MainScreenTypeOfSection.swift in Sources */ = {isa = PBXBuildFile; fileRef = 849C4E5F264A71F900C26C53 /* MainScreenTypeOfSection.swift */; };
		849C4E62264A750C00C26C53 /* MainScreenHeaderType.swift in Sources */ = {isa = PBXBuildFile; fileRef = 849C4E61264A750C00C26C53 /* MainScreenHeaderType.swift */; };
		849C4E65264A77C000C26C53 /* MainScreenHeaderView.xib in Resources */ = {isa = PBXBuildFile; fileRef = 849C4E64264A77C000C26C53 /* MainScreenHeaderView.xib */; };
		849C4E68264A8D3800C26C53 /* SongModel.swift in Sources */ = {isa = PBXBuildFile; fileRef = 849C4E67264A8D3800C26C53 /* SongModel.swift */; };
		849C4E6D264A922A00C26C53 /* MainScreenViewModel.swift in Sources */ = {isa = PBXBuildFile; fileRef = 849C4E6C264A922A00C26C53 /* MainScreenViewModel.swift */; };
		849C4E6F264AA01800C26C53 /* ConfiguringCell.swift in Sources */ = {isa = PBXBuildFile; fileRef = 849C4E6E264AA01800C26C53 /* ConfiguringCell.swift */; };
		849C4E71264ACB8500C26C53 /* ProfileModel.swift in Sources */ = {isa = PBXBuildFile; fileRef = 849C4E70264ACB8500C26C53 /* ProfileModel.swift */; };
		849C4E73264ACC2200C26C53 /* CategoriesModel.swift in Sources */ = {isa = PBXBuildFile; fileRef = 849C4E72264ACC2200C26C53 /* CategoriesModel.swift */; };
		849C4E75264ACC6600C26C53 /* BlogModel.swift in Sources */ = {isa = PBXBuildFile; fileRef = 849C4E74264ACC6600C26C53 /* BlogModel.swift */; };
		849C4E77264B0E4D00C26C53 /* MapModel.swift in Sources */ = {isa = PBXBuildFile; fileRef = 849C4E76264B0E4D00C26C53 /* MapModel.swift */; };
		849C4E79264B102800C26C53 /* MainScreenModelWrapper.swift in Sources */ = {isa = PBXBuildFile; fileRef = 849C4E78264B102800C26C53 /* MainScreenModelWrapper.swift */; };
		849C4E7B264BBEB000C26C53 /* ViewModelTemplateHeader.swift in Sources */ = {isa = PBXBuildFile; fileRef = 849C4E7A264BBEB000C26C53 /* ViewModelTemplateHeader.swift */; };
		849C4E7D264BC01400C26C53 /* TemplatesViewModelProtocol.swift in Sources */ = {isa = PBXBuildFile; fileRef = 849C4E7C264BC01400C26C53 /* TemplatesViewModelProtocol.swift */; };
		849C4E7F264BD11900C26C53 /* ViewModelTemplateSong.swift in Sources */ = {isa = PBXBuildFile; fileRef = 849C4E7E264BD11900C26C53 /* ViewModelTemplateSong.swift */; };
		849C4E84264BEC1900C26C53 /* MainScreenCollectionViewDelegate.swift in Sources */ = {isa = PBXBuildFile; fileRef = 849C4E83264BEC1900C26C53 /* MainScreenCollectionViewDelegate.swift */; };
		84A00ABB265B897000087E07 /* ImageFileManager.swift in Sources */ = {isa = PBXBuildFile; fileRef = 84A00ABA265B897000087E07 /* ImageFileManager.swift */; };
		84A00ABF265B910400087E07 /* ImageManagerModel.swift in Sources */ = {isa = PBXBuildFile; fileRef = 84A00ABE265B910400087E07 /* ImageManagerModel.swift */; };
		84A00AC5265BED3E00087E07 /* PasscodeRecoveryViewController.swift in Sources */ = {isa = PBXBuildFile; fileRef = 84A00AC4265BED3E00087E07 /* PasscodeRecoveryViewController.swift */; };
		84A00AC7265BED5700087E07 /* PasscodeRecoveryViewController.storyboard in Resources */ = {isa = PBXBuildFile; fileRef = 84A00AC6265BED5700087E07 /* PasscodeRecoveryViewController.storyboard */; };
		84A00AC9265CE1E800087E07 /* PasscodeRecoveryViewModel.swift in Sources */ = {isa = PBXBuildFile; fileRef = 84A00AC8265CE1E800087E07 /* PasscodeRecoveryViewModel.swift */; };
		84A00ACE265CFD2500087E07 /* PasswordManager.swift in Sources */ = {isa = PBXBuildFile; fileRef = 84A00ACD265CFD2500087E07 /* PasswordManager.swift */; };
		84A00AD0265D1A9300087E07 /* PasswordManagerObserver.swift in Sources */ = {isa = PBXBuildFile; fileRef = 84A00ACF265D1A9300087E07 /* PasswordManagerObserver.swift */; };
		84A00AD2265D1BE400087E07 /* PasscodeManagerProtocol.swift in Sources */ = {isa = PBXBuildFile; fileRef = 84A00AD1265D1BE400087E07 /* PasscodeManagerProtocol.swift */; };
		84A00AD5265E401C00087E07 /* NewPasscodeViewController.swift in Sources */ = {isa = PBXBuildFile; fileRef = 84A00AD4265E401C00087E07 /* NewPasscodeViewController.swift */; };
		84A00AD7265E403900087E07 /* NewPasscodeViewController.storyboard in Resources */ = {isa = PBXBuildFile; fileRef = 84A00AD6265E403900087E07 /* NewPasscodeViewController.storyboard */; };
		84D7F783263AB17C004B2DB0 /* UIViewController+Alert.swift in Sources */ = {isa = PBXBuildFile; fileRef = 84D7F782263AB17C004B2DB0 /* UIViewController+Alert.swift */; };
		84D7F785263AB5C2004B2DB0 /* LoginStatus.swift in Sources */ = {isa = PBXBuildFile; fileRef = 84D7F784263AB5C2004B2DB0 /* LoginStatus.swift */; };
		84D7F787263AB62F004B2DB0 /* AuthorizationType.swift in Sources */ = {isa = PBXBuildFile; fileRef = 84D7F786263AB62F004B2DB0 /* AuthorizationType.swift */; };
		84D7F789263AEAF4004B2DB0 /* FacebookFirebaseLoginManager.swift in Sources */ = {isa = PBXBuildFile; fileRef = 84D7F788263AEAF4004B2DB0 /* FacebookFirebaseLoginManager.swift */; };
		84D7F78B263AF102004B2DB0 /* WelcomeViewModel.swift in Sources */ = {isa = PBXBuildFile; fileRef = 84D7F78A263AF102004B2DB0 /* WelcomeViewModel.swift */; };
		84D7F78D263AF8E9004B2DB0 /* LoginViewModelProtocol.swift in Sources */ = {isa = PBXBuildFile; fileRef = 84D7F78C263AF8E9004B2DB0 /* LoginViewModelProtocol.swift */; };
		84D7F791263BE4F9004B2DB0 /* AppleFirebaseLoginManager.swift in Sources */ = {isa = PBXBuildFile; fileRef = 84D7F790263BE4F8004B2DB0 /* AppleFirebaseLoginManager.swift */; };
		84D7F796263C0947004B2DB0 /* GoogleService-Info.plist in Resources */ = {isa = PBXBuildFile; fileRef = 84D7F795263C0946004B2DB0 /* GoogleService-Info.plist */; };
		84D7F798263C284D004B2DB0 /* AuthResultDelegate.swift in Sources */ = {isa = PBXBuildFile; fileRef = 84D7F797263C284C004B2DB0 /* AuthResultDelegate.swift */; };
		84D7F79B263C2C26004B2DB0 /* LoginManager.swift in Sources */ = {isa = PBXBuildFile; fileRef = 84D7F79A263C2C26004B2DB0 /* LoginManager.swift */; };
		84D7F79E263C404D004B2DB0 /* AuthObserver.swift in Sources */ = {isa = PBXBuildFile; fileRef = 84D7F79D263C404D004B2DB0 /* AuthObserver.swift */; };
		84D7F7A1263C490F004B2DB0 /* KeyboardStateObserver.swift in Sources */ = {isa = PBXBuildFile; fileRef = 84D7F7A0263C490E004B2DB0 /* KeyboardStateObserver.swift */; };
		84D7F7A3263C4E90004B2DB0 /* KeyboardManagerProtocol.swift in Sources */ = {isa = PBXBuildFile; fileRef = 84D7F7A2263C4E90004B2DB0 /* KeyboardManagerProtocol.swift */; };
		84D7F80D2642B7E8004B2DB0 /* MainScreenViewController.storyboard in Resources */ = {isa = PBXBuildFile; fileRef = 84D7F80C2642B7E8004B2DB0 /* MainScreenViewController.storyboard */; };
		84D7F80F2642B80C004B2DB0 /* MainScreenViewController.swift in Sources */ = {isa = PBXBuildFile; fileRef = 84D7F80E2642B80C004B2DB0 /* MainScreenViewController.swift */; };
		84D7F8122642BA26004B2DB0 /* TemplateHeaderView.xib in Resources */ = {isa = PBXBuildFile; fileRef = 84D7F8112642BA26004B2DB0 /* TemplateHeaderView.xib */; };
		84D7F8142642C481004B2DB0 /* TemplateHeaderView.swift in Sources */ = {isa = PBXBuildFile; fileRef = 84D7F8132642C481004B2DB0 /* TemplateHeaderView.swift */; };
		84D7F8182643D01E004B2DB0 /* TemplateSongView.xib in Resources */ = {isa = PBXBuildFile; fileRef = 84D7F8172643D01E004B2DB0 /* TemplateSongView.xib */; };
		84D7F81A2643D035004B2DB0 /* TemplateSongView.swift in Sources */ = {isa = PBXBuildFile; fileRef = 84D7F8192643D035004B2DB0 /* TemplateSongView.swift */; };
		84D7F81C2643D62C004B2DB0 /* Inter-SemiBold.ttf in Resources */ = {isa = PBXBuildFile; fileRef = 84D7F81B2643D62C004B2DB0 /* Inter-SemiBold.ttf */; };
		84D7F8232643F606004B2DB0 /* MapCollectionViewCell.swift in Sources */ = {isa = PBXBuildFile; fileRef = 84D7F8212643F605004B2DB0 /* MapCollectionViewCell.swift */; };
		84D7F8242643F606004B2DB0 /* MapCollectionViewCell.xib in Resources */ = {isa = PBXBuildFile; fileRef = 84D7F8222643F605004B2DB0 /* MapCollectionViewCell.xib */; };
		84D7F82726441434004B2DB0 /* CategoriesCollectionViewCell.swift in Sources */ = {isa = PBXBuildFile; fileRef = 84D7F82526441434004B2DB0 /* CategoriesCollectionViewCell.swift */; };
		84D7F82826441434004B2DB0 /* CategoriesCollectionViewCell.xib in Resources */ = {isa = PBXBuildFile; fileRef = 84D7F82626441434004B2DB0 /* CategoriesCollectionViewCell.xib */; };
		84D7F82B2644184F004B2DB0 /* BlogCollectionViewCell.swift in Sources */ = {isa = PBXBuildFile; fileRef = 84D7F8292644184E004B2DB0 /* BlogCollectionViewCell.swift */; };
		84D7F82C2644184F004B2DB0 /* BlogCollectionViewCell.xib in Resources */ = {isa = PBXBuildFile; fileRef = 84D7F82A2644184E004B2DB0 /* BlogCollectionViewCell.xib */; };
		84D7F830264424DF004B2DB0 /* Constants.swift in Sources */ = {isa = PBXBuildFile; fileRef = 84D7F82F264424DE004B2DB0 /* Constants.swift */; };
		84D7F832264427E6004B2DB0 /* MainScreenDataSourceManager.swift in Sources */ = {isa = PBXBuildFile; fileRef = 84D7F831264427E6004B2DB0 /* MainScreenDataSourceManager.swift */; };
		84DB77EA26384AEE0094483E /* SignInViewController.swift in Sources */ = {isa = PBXBuildFile; fileRef = 84DB77E926384AEE0094483E /* SignInViewController.swift */; };
		84DB77EC26384B0A0094483E /* SignInViewController.storyboard in Resources */ = {isa = PBXBuildFile; fileRef = 84DB77EB26384B0A0094483E /* SignInViewController.storyboard */; };
		84DDE72B2636CD6D005D91C8 /* Localizable.strings in Resources */ = {isa = PBXBuildFile; fileRef = 84DDE72D2636CD6D005D91C8 /* Localizable.strings */; };
		84DDE7332636CECE005D91C8 /* RootViewController.swift in Sources */ = {isa = PBXBuildFile; fileRef = 84DDE7322636CECE005D91C8 /* RootViewController.swift */; };
		84DDE7412636D4AE005D91C8 /* Montserrat-SemiBold.ttf in Resources */ = {isa = PBXBuildFile; fileRef = 84DDE7402636D4AE005D91C8 /* Montserrat-SemiBold.ttf */; };
		84DDE7422636D4AE005D91C8 /* Montserrat-SemiBold.ttf in Resources */ = {isa = PBXBuildFile; fileRef = 84DDE7402636D4AE005D91C8 /* Montserrat-SemiBold.ttf */; };
		84DDE7432636D4AE005D91C8 /* Montserrat-SemiBold.ttf in Resources */ = {isa = PBXBuildFile; fileRef = 84DDE7402636D4AE005D91C8 /* Montserrat-SemiBold.ttf */; };
		84DDE7482636D509005D91C8 /* Inter-Regular.ttf in Resources */ = {isa = PBXBuildFile; fileRef = 84DDE7472636D509005D91C8 /* Inter-Regular.ttf */; };
		84DDE7492636D509005D91C8 /* Inter-Regular.ttf in Resources */ = {isa = PBXBuildFile; fileRef = 84DDE7472636D509005D91C8 /* Inter-Regular.ttf */; };
		84DDE74A2636D509005D91C8 /* Inter-Regular.ttf in Resources */ = {isa = PBXBuildFile; fileRef = 84DDE7472636D509005D91C8 /* Inter-Regular.ttf */; };
		84EB44E52637EEA400828222 /* UIViewController+Navigation.swift in Sources */ = {isa = PBXBuildFile; fileRef = 84EB44E42637EEA400828222 /* UIViewController+Navigation.swift */; };
		84EB44EA2638026400828222 /* LoginViewController.swift in Sources */ = {isa = PBXBuildFile; fileRef = 84EB44E92638026400828222 /* LoginViewController.swift */; };
		84EB44EC2638027900828222 /* LoginViewController.storyboard in Resources */ = {isa = PBXBuildFile; fileRef = 84EB44EB2638027900828222 /* LoginViewController.storyboard */; };
		DC9FB0F56C38F572D3BF4C65 /* Pods_Hemitage.framework in Frameworks */ = {isa = PBXBuildFile; fileRef = F2B0D95A759069A42BD1DCDF /* Pods_Hemitage.framework */; };
		DDF8538BA8C163197BC79F6C /* Pods_HemitageTests.framework in Frameworks */ = {isa = PBXBuildFile; fileRef = 55F992CFC66C9E73B0826643 /* Pods_HemitageTests.framework */; };
/* End PBXBuildFile section */

/* Begin PBXContainerItemProxy section */
		848CF75926369F2C0070A3C6 /* PBXContainerItemProxy */ = {
			isa = PBXContainerItemProxy;
			containerPortal = 848CF73726369F270070A3C6 /* Project object */;
			proxyType = 1;
			remoteGlobalIDString = 848CF73E26369F270070A3C6;
			remoteInfo = Hemitage;
		};
		848CF76426369F2C0070A3C6 /* PBXContainerItemProxy */ = {
			isa = PBXContainerItemProxy;
			containerPortal = 848CF73726369F270070A3C6 /* Project object */;
			proxyType = 1;
			remoteGlobalIDString = 848CF73E26369F270070A3C6;
			remoteInfo = Hemitage;
		};
/* End PBXContainerItemProxy section */

/* Begin PBXFileReference section */
		068CE2E5D04A901445AA6FB4 /* Pods-HemitageTests.debug.xcconfig */ = {isa = PBXFileReference; includeInIndex = 1; lastKnownFileType = text.xcconfig; name = "Pods-HemitageTests.debug.xcconfig"; path = "Target Support Files/Pods-HemitageTests/Pods-HemitageTests.debug.xcconfig"; sourceTree = "<group>"; };
		0E5B51B0A79B42A820DC6A7A /* Pods-Hemitage-HemitageUITests.debug.xcconfig */ = {isa = PBXFileReference; includeInIndex = 1; lastKnownFileType = text.xcconfig; name = "Pods-Hemitage-HemitageUITests.debug.xcconfig"; path = "Target Support Files/Pods-Hemitage-HemitageUITests/Pods-Hemitage-HemitageUITests.debug.xcconfig"; sourceTree = "<group>"; };
		1B78CCC1088D24AA6889581E /* Pods-Hemitage.debug.xcconfig */ = {isa = PBXFileReference; includeInIndex = 1; lastKnownFileType = text.xcconfig; name = "Pods-Hemitage.debug.xcconfig"; path = "Target Support Files/Pods-Hemitage/Pods-Hemitage.debug.xcconfig"; sourceTree = "<group>"; };
		55F992CFC66C9E73B0826643 /* Pods_HemitageTests.framework */ = {isa = PBXFileReference; explicitFileType = wrapper.framework; includeInIndex = 0; path = Pods_HemitageTests.framework; sourceTree = BUILT_PRODUCTS_DIR; };
		5A1081C7998670EFECE87C53 /* Pods_Hemitage_HemitageUITests.framework */ = {isa = PBXFileReference; explicitFileType = wrapper.framework; includeInIndex = 0; path = Pods_Hemitage_HemitageUITests.framework; sourceTree = BUILT_PRODUCTS_DIR; };
		84205E56263832DB005264E8 /* UITextfield+View.swift */ = {isa = PBXFileReference; lastKnownFileType = sourcecode.swift; path = "UITextfield+View.swift"; sourceTree = "<group>"; };
		843F0B55264EB90F004DE5A8 /* FirebaseStorageManager.swift */ = {isa = PBXFileReference; lastKnownFileType = sourcecode.swift; path = FirebaseStorageManager.swift; sourceTree = "<group>"; };
		843F0B5726525EDE004DE5A8 /* StorageDirectory.swift */ = {isa = PBXFileReference; lastKnownFileType = sourcecode.swift; path = StorageDirectory.swift; sourceTree = "<group>"; };
		843F0B5A26526E43004DE5A8 /* FireStoreCollectionName.swift */ = {isa = PBXFileReference; lastKnownFileType = sourcecode.swift; path = FireStoreCollectionName.swift; sourceTree = "<group>"; };
		843F0B5C26527C02004DE5A8 /* FireStoreCacheDataManager.swift */ = {isa = PBXFileReference; lastKnownFileType = sourcecode.swift; path = FireStoreCacheDataManager.swift; sourceTree = "<group>"; };
		843F0B6B26551D52004DE5A8 /* Article+CoreDataClass copy.swift */ = {isa = PBXFileReference; fileEncoding = 4; lastKnownFileType = sourcecode.swift; path = "Article+CoreDataClass copy.swift"; sourceTree = "<group>"; };
		843F0B732655232E004DE5A8 /* DataStoreManager.swift */ = {isa = PBXFileReference; lastKnownFileType = sourcecode.swift; path = DataStoreManager.swift; sourceTree = "<group>"; };
		843F0B78265528CF004DE5A8 /* FireStoreDataManagerProtocol.swift */ = {isa = PBXFileReference; lastKnownFileType = sourcecode.swift; path = FireStoreDataManagerProtocol.swift; sourceTree = "<group>"; };
		843F0B7C26552918004DE5A8 /* FireStoreDataManager.swift */ = {isa = PBXFileReference; lastKnownFileType = sourcecode.swift; path = FireStoreDataManager.swift; sourceTree = "<group>"; };
		843F0B802655345A004DE5A8 /* Date+StringPresentation.swift */ = {isa = PBXFileReference; lastKnownFileType = sourcecode.swift; path = "Date+StringPresentation.swift"; sourceTree = "<group>"; };
		843F0B89265680B1004DE5A8 /* ContentManager.swift */ = {isa = PBXFileReference; lastKnownFileType = sourcecode.swift; path = ContentManager.swift; sourceTree = "<group>"; };
		843F0B8E265682BF004DE5A8 /* TypeOfChangeDocument.swift */ = {isa = PBXFileReference; lastKnownFileType = sourcecode.swift; path = TypeOfChangeDocument.swift; sourceTree = "<group>"; };
		843F0B9226579F49004DE5A8 /* ImageCacheManager.swift */ = {isa = PBXFileReference; lastKnownFileType = sourcecode.swift; path = ImageCacheManager.swift; sourceTree = "<group>"; };
		848CF73F26369F270070A3C6 /* Hemitage.app */ = {isa = PBXFileReference; explicitFileType = wrapper.application; includeInIndex = 0; path = Hemitage.app; sourceTree = BUILT_PRODUCTS_DIR; };
		848CF74226369F270070A3C6 /* AppDelegate.swift */ = {isa = PBXFileReference; lastKnownFileType = sourcecode.swift; path = AppDelegate.swift; sourceTree = "<group>"; };
		848CF74626369F270070A3C6 /* WelcomeViewController.swift */ = {isa = PBXFileReference; lastKnownFileType = sourcecode.swift; path = WelcomeViewController.swift; sourceTree = "<group>"; };
		848CF74926369F270070A3C6 /* Base */ = {isa = PBXFileReference; lastKnownFileType = file.storyboard; name = Base; path = Base.lproj/WelcomeViewController.storyboard; sourceTree = "<group>"; };
		848CF74C26369F270070A3C6 /* Hemitage.xcdatamodel */ = {isa = PBXFileReference; lastKnownFileType = wrapper.xcdatamodel; path = Hemitage.xcdatamodel; sourceTree = "<group>"; };
		848CF74E26369F2C0070A3C6 /* Assets.xcassets */ = {isa = PBXFileReference; lastKnownFileType = folder.assetcatalog; path = Assets.xcassets; sourceTree = "<group>"; };
		848CF75126369F2C0070A3C6 /* Base */ = {isa = PBXFileReference; lastKnownFileType = file.storyboard; name = Base; path = Base.lproj/LaunchScreen.storyboard; sourceTree = "<group>"; };
		848CF75326369F2C0070A3C6 /* Info.plist */ = {isa = PBXFileReference; lastKnownFileType = text.plist.xml; path = Info.plist; sourceTree = "<group>"; };
		848CF75826369F2C0070A3C6 /* HemitageTests.xctest */ = {isa = PBXFileReference; explicitFileType = wrapper.cfbundle; includeInIndex = 0; path = HemitageTests.xctest; sourceTree = BUILT_PRODUCTS_DIR; };
		848CF75C26369F2C0070A3C6 /* HemitageTests.swift */ = {isa = PBXFileReference; lastKnownFileType = sourcecode.swift; path = HemitageTests.swift; sourceTree = "<group>"; };
		848CF75E26369F2C0070A3C6 /* Info.plist */ = {isa = PBXFileReference; lastKnownFileType = text.plist.xml; path = Info.plist; sourceTree = "<group>"; };
		848CF76326369F2C0070A3C6 /* HemitageUITests.xctest */ = {isa = PBXFileReference; explicitFileType = wrapper.cfbundle; includeInIndex = 0; path = HemitageUITests.xctest; sourceTree = BUILT_PRODUCTS_DIR; };
		848CF76726369F2C0070A3C6 /* HemitageUITests.swift */ = {isa = PBXFileReference; lastKnownFileType = sourcecode.swift; path = HemitageUITests.swift; sourceTree = "<group>"; };
		848CF76926369F2C0070A3C6 /* Info.plist */ = {isa = PBXFileReference; lastKnownFileType = text.plist.xml; path = Info.plist; sourceTree = "<group>"; };
		848CF78E2636B1A40070A3C6 /* Inter-Bold.ttf */ = {isa = PBXFileReference; lastKnownFileType = file; path = "Inter-Bold.ttf"; sourceTree = "<group>"; };
		84926F53264D0A89005E9074 /* MapCollectionViewCellModelView.swift */ = {isa = PBXFileReference; lastKnownFileType = sourcecode.swift; path = MapCollectionViewCellModelView.swift; sourceTree = "<group>"; };
		84926F55264D0D1F005E9074 /* MainScreenCollectionViewCellModelViewProtocol.swift */ = {isa = PBXFileReference; lastKnownFileType = sourcecode.swift; path = MainScreenCollectionViewCellModelViewProtocol.swift; sourceTree = "<group>"; };
		84926F57264D1378005E9074 /* CategoriesCollectionViewCellModelView.swift */ = {isa = PBXFileReference; lastKnownFileType = sourcecode.swift; path = CategoriesCollectionViewCellModelView.swift; sourceTree = "<group>"; };
		84926F59264D1389005E9074 /* BlogCollectionViewCellModelView.swift */ = {isa = PBXFileReference; lastKnownFileType = sourcecode.swift; path = BlogCollectionViewCellModelView.swift; sourceTree = "<group>"; };
		84926F87264D3D14005E9074 /* MainScreenBuilder.swift */ = {isa = PBXFileReference; lastKnownFileType = sourcecode.swift; path = MainScreenBuilder.swift; sourceTree = "<group>"; };
		84926F89264D48D3005E9074 /* MainScreenCollectionViewSetup.swift */ = {isa = PBXFileReference; lastKnownFileType = sourcecode.swift; path = MainScreenCollectionViewSetup.swift; sourceTree = "<group>"; };
		849A50E926394D600047340A /* AppDelegate+Navigation.swift */ = {isa = PBXFileReference; lastKnownFileType = sourcecode.swift; path = "AppDelegate+Navigation.swift"; sourceTree = "<group>"; };
		849A50F1263972D10047340A /* EmailFireBaseLogInManager.swift */ = {isa = PBXFileReference; lastKnownFileType = sourcecode.swift; path = EmailFireBaseLogInManager.swift; sourceTree = "<group>"; };
		849A50F326397C250047340A /* LoginViewModel.swift */ = {isa = PBXFileReference; lastKnownFileType = sourcecode.swift; path = LoginViewModel.swift; sourceTree = "<group>"; };
		849A50F526397FF10047340A /* SignInManager.swift */ = {isa = PBXFileReference; lastKnownFileType = sourcecode.swift; path = SignInManager.swift; sourceTree = "<group>"; };
		849A50F72639861E0047340A /* SignInViewModel.swift */ = {isa = PBXFileReference; lastKnownFileType = sourcecode.swift; path = SignInViewModel.swift; sourceTree = "<group>"; };
		849A50F92639874F0047340A /* Validation.swift */ = {isa = PBXFileReference; lastKnownFileType = sourcecode.swift; path = Validation.swift; sourceTree = "<group>"; };
		849A50FB26398E4A0047340A /* FirebaseError.swift */ = {isa = PBXFileReference; lastKnownFileType = sourcecode.swift; path = FirebaseError.swift; sourceTree = "<group>"; };
		849A50FF26399CE80047340A /* AuthorizationTypeQualifier.swift */ = {isa = PBXFileReference; lastKnownFileType = sourcecode.swift; path = AuthorizationTypeQualifier.swift; sourceTree = "<group>"; };
		849A51012639A2570047340A /* KeyboardManager.swift */ = {isa = PBXFileReference; lastKnownFileType = sourcecode.swift; path = KeyboardManager.swift; sourceTree = "<group>"; };
		849C4E322645723300C26C53 /* MainScreenHeaderView.swift */ = {isa = PBXFileReference; lastKnownFileType = sourcecode.swift; path = MainScreenHeaderView.swift; sourceTree = "<group>"; };
		849C4E342646C90400C26C53 /* MainScreenLayoutConstructor.swift */ = {isa = PBXFileReference; lastKnownFileType = sourcecode.swift; path = MainScreenLayoutConstructor.swift; sourceTree = "<group>"; };
		849C4E5F264A71F900C26C53 /* MainScreenTypeOfSection.swift */ = {isa = PBXFileReference; lastKnownFileType = sourcecode.swift; path = MainScreenTypeOfSection.swift; sourceTree = "<group>"; };
		849C4E61264A750C00C26C53 /* MainScreenHeaderType.swift */ = {isa = PBXFileReference; lastKnownFileType = sourcecode.swift; path = MainScreenHeaderType.swift; sourceTree = "<group>"; };
		849C4E64264A77C000C26C53 /* MainScreenHeaderView.xib */ = {isa = PBXFileReference; lastKnownFileType = file.xib; path = MainScreenHeaderView.xib; sourceTree = "<group>"; };
		849C4E67264A8D3800C26C53 /* SongModel.swift */ = {isa = PBXFileReference; lastKnownFileType = sourcecode.swift; path = SongModel.swift; sourceTree = "<group>"; };
		849C4E6C264A922A00C26C53 /* MainScreenViewModel.swift */ = {isa = PBXFileReference; lastKnownFileType = sourcecode.swift; path = MainScreenViewModel.swift; sourceTree = "<group>"; };
		849C4E6E264AA01800C26C53 /* ConfiguringCell.swift */ = {isa = PBXFileReference; lastKnownFileType = sourcecode.swift; path = ConfiguringCell.swift; sourceTree = "<group>"; };
		849C4E70264ACB8500C26C53 /* ProfileModel.swift */ = {isa = PBXFileReference; lastKnownFileType = sourcecode.swift; path = ProfileModel.swift; sourceTree = "<group>"; };
		849C4E72264ACC2200C26C53 /* CategoriesModel.swift */ = {isa = PBXFileReference; lastKnownFileType = sourcecode.swift; path = CategoriesModel.swift; sourceTree = "<group>"; };
		849C4E74264ACC6600C26C53 /* BlogModel.swift */ = {isa = PBXFileReference; lastKnownFileType = sourcecode.swift; path = BlogModel.swift; sourceTree = "<group>"; };
		849C4E76264B0E4D00C26C53 /* MapModel.swift */ = {isa = PBXFileReference; lastKnownFileType = sourcecode.swift; path = MapModel.swift; sourceTree = "<group>"; };
		849C4E78264B102800C26C53 /* MainScreenModelWrapper.swift */ = {isa = PBXFileReference; lastKnownFileType = sourcecode.swift; path = MainScreenModelWrapper.swift; sourceTree = "<group>"; };
		849C4E7A264BBEB000C26C53 /* ViewModelTemplateHeader.swift */ = {isa = PBXFileReference; lastKnownFileType = sourcecode.swift; path = ViewModelTemplateHeader.swift; sourceTree = "<group>"; };
		849C4E7C264BC01400C26C53 /* TemplatesViewModelProtocol.swift */ = {isa = PBXFileReference; lastKnownFileType = sourcecode.swift; path = TemplatesViewModelProtocol.swift; sourceTree = "<group>"; };
		849C4E7E264BD11900C26C53 /* ViewModelTemplateSong.swift */ = {isa = PBXFileReference; lastKnownFileType = sourcecode.swift; path = ViewModelTemplateSong.swift; sourceTree = "<group>"; };
		849C4E83264BEC1900C26C53 /* MainScreenCollectionViewDelegate.swift */ = {isa = PBXFileReference; lastKnownFileType = sourcecode.swift; path = MainScreenCollectionViewDelegate.swift; sourceTree = "<group>"; };
		84A00ABA265B897000087E07 /* ImageFileManager.swift */ = {isa = PBXFileReference; lastKnownFileType = sourcecode.swift; path = ImageFileManager.swift; sourceTree = "<group>"; };
		84A00ABE265B910400087E07 /* ImageManagerModel.swift */ = {isa = PBXFileReference; lastKnownFileType = sourcecode.swift; path = ImageManagerModel.swift; sourceTree = "<group>"; };
		84A00AC4265BED3E00087E07 /* PasscodeRecoveryViewController.swift */ = {isa = PBXFileReference; lastKnownFileType = sourcecode.swift; path = PasscodeRecoveryViewController.swift; sourceTree = "<group>"; };
		84A00AC6265BED5700087E07 /* PasscodeRecoveryViewController.storyboard */ = {isa = PBXFileReference; lastKnownFileType = file.storyboard; path = PasscodeRecoveryViewController.storyboard; sourceTree = "<group>"; };
		84A00AC8265CE1E800087E07 /* PasscodeRecoveryViewModel.swift */ = {isa = PBXFileReference; lastKnownFileType = sourcecode.swift; path = PasscodeRecoveryViewModel.swift; sourceTree = "<group>"; };
		84A00ACD265CFD2500087E07 /* PasswordManager.swift */ = {isa = PBXFileReference; lastKnownFileType = sourcecode.swift; path = PasswordManager.swift; sourceTree = "<group>"; };
		84A00ACF265D1A9300087E07 /* PasswordManagerObserver.swift */ = {isa = PBXFileReference; lastKnownFileType = sourcecode.swift; path = PasswordManagerObserver.swift; sourceTree = "<group>"; };
		84A00AD1265D1BE400087E07 /* PasscodeManagerProtocol.swift */ = {isa = PBXFileReference; lastKnownFileType = sourcecode.swift; path = PasscodeManagerProtocol.swift; sourceTree = "<group>"; };
		84A00AD4265E401C00087E07 /* NewPasscodeViewController.swift */ = {isa = PBXFileReference; lastKnownFileType = sourcecode.swift; path = NewPasscodeViewController.swift; sourceTree = "<group>"; };
		84A00AD6265E403900087E07 /* NewPasscodeViewController.storyboard */ = {isa = PBXFileReference; lastKnownFileType = file.storyboard; path = NewPasscodeViewController.storyboard; sourceTree = "<group>"; };
		84D7F782263AB17C004B2DB0 /* UIViewController+Alert.swift */ = {isa = PBXFileReference; lastKnownFileType = sourcecode.swift; path = "UIViewController+Alert.swift"; sourceTree = "<group>"; };
		84D7F784263AB5C2004B2DB0 /* LoginStatus.swift */ = {isa = PBXFileReference; lastKnownFileType = sourcecode.swift; path = LoginStatus.swift; sourceTree = "<group>"; };
		84D7F786263AB62F004B2DB0 /* AuthorizationType.swift */ = {isa = PBXFileReference; lastKnownFileType = sourcecode.swift; path = AuthorizationType.swift; sourceTree = "<group>"; };
		84D7F788263AEAF4004B2DB0 /* FacebookFirebaseLoginManager.swift */ = {isa = PBXFileReference; lastKnownFileType = sourcecode.swift; path = FacebookFirebaseLoginManager.swift; sourceTree = "<group>"; };
		84D7F78A263AF102004B2DB0 /* WelcomeViewModel.swift */ = {isa = PBXFileReference; lastKnownFileType = sourcecode.swift; path = WelcomeViewModel.swift; sourceTree = "<group>"; };
		84D7F78C263AF8E9004B2DB0 /* LoginViewModelProtocol.swift */ = {isa = PBXFileReference; lastKnownFileType = sourcecode.swift; path = LoginViewModelProtocol.swift; sourceTree = "<group>"; };
		84D7F790263BE4F8004B2DB0 /* AppleFirebaseLoginManager.swift */ = {isa = PBXFileReference; lastKnownFileType = sourcecode.swift; path = AppleFirebaseLoginManager.swift; sourceTree = "<group>"; };
		84D7F792263BF6A9004B2DB0 /* Hemitage.entitlements */ = {isa = PBXFileReference; lastKnownFileType = text.plist.entitlements; path = Hemitage.entitlements; sourceTree = "<group>"; };
		84D7F795263C0946004B2DB0 /* GoogleService-Info.plist */ = {isa = PBXFileReference; fileEncoding = 4; lastKnownFileType = text.plist.xml; path = "GoogleService-Info.plist"; sourceTree = "<group>"; };
		84D7F797263C284C004B2DB0 /* AuthResultDelegate.swift */ = {isa = PBXFileReference; lastKnownFileType = sourcecode.swift; path = AuthResultDelegate.swift; sourceTree = "<group>"; };
		84D7F79A263C2C26004B2DB0 /* LoginManager.swift */ = {isa = PBXFileReference; lastKnownFileType = sourcecode.swift; path = LoginManager.swift; sourceTree = "<group>"; };
		84D7F79D263C404D004B2DB0 /* AuthObserver.swift */ = {isa = PBXFileReference; lastKnownFileType = sourcecode.swift; path = AuthObserver.swift; sourceTree = "<group>"; };
		84D7F7A0263C490E004B2DB0 /* KeyboardStateObserver.swift */ = {isa = PBXFileReference; lastKnownFileType = sourcecode.swift; name = KeyboardStateObserver.swift; path = Hemitage/Core/Protocols/KeyboardStateObserver.swift; sourceTree = SOURCE_ROOT; };
		84D7F7A2263C4E90004B2DB0 /* KeyboardManagerProtocol.swift */ = {isa = PBXFileReference; lastKnownFileType = sourcecode.swift; path = KeyboardManagerProtocol.swift; sourceTree = "<group>"; };
		84D7F80C2642B7E8004B2DB0 /* MainScreenViewController.storyboard */ = {isa = PBXFileReference; lastKnownFileType = file.storyboard; path = MainScreenViewController.storyboard; sourceTree = "<group>"; };
		84D7F80E2642B80C004B2DB0 /* MainScreenViewController.swift */ = {isa = PBXFileReference; lastKnownFileType = sourcecode.swift; path = MainScreenViewController.swift; sourceTree = "<group>"; };
		84D7F8112642BA26004B2DB0 /* TemplateHeaderView.xib */ = {isa = PBXFileReference; lastKnownFileType = file.xib; path = TemplateHeaderView.xib; sourceTree = "<group>"; };
		84D7F8132642C481004B2DB0 /* TemplateHeaderView.swift */ = {isa = PBXFileReference; lastKnownFileType = sourcecode.swift; path = TemplateHeaderView.swift; sourceTree = "<group>"; };
		84D7F8172643D01E004B2DB0 /* TemplateSongView.xib */ = {isa = PBXFileReference; lastKnownFileType = file.xib; path = TemplateSongView.xib; sourceTree = "<group>"; };
		84D7F8192643D035004B2DB0 /* TemplateSongView.swift */ = {isa = PBXFileReference; lastKnownFileType = sourcecode.swift; path = TemplateSongView.swift; sourceTree = "<group>"; };
		84D7F81B2643D62C004B2DB0 /* Inter-SemiBold.ttf */ = {isa = PBXFileReference; lastKnownFileType = file; path = "Inter-SemiBold.ttf"; sourceTree = "<group>"; };
		84D7F8212643F605004B2DB0 /* MapCollectionViewCell.swift */ = {isa = PBXFileReference; lastKnownFileType = sourcecode.swift; path = MapCollectionViewCell.swift; sourceTree = "<group>"; };
		84D7F8222643F605004B2DB0 /* MapCollectionViewCell.xib */ = {isa = PBXFileReference; lastKnownFileType = file.xib; path = MapCollectionViewCell.xib; sourceTree = "<group>"; };
		84D7F82526441434004B2DB0 /* CategoriesCollectionViewCell.swift */ = {isa = PBXFileReference; lastKnownFileType = sourcecode.swift; path = CategoriesCollectionViewCell.swift; sourceTree = "<group>"; };
		84D7F82626441434004B2DB0 /* CategoriesCollectionViewCell.xib */ = {isa = PBXFileReference; lastKnownFileType = file.xib; path = CategoriesCollectionViewCell.xib; sourceTree = "<group>"; };
		84D7F8292644184E004B2DB0 /* BlogCollectionViewCell.swift */ = {isa = PBXFileReference; lastKnownFileType = sourcecode.swift; path = BlogCollectionViewCell.swift; sourceTree = "<group>"; };
		84D7F82A2644184E004B2DB0 /* BlogCollectionViewCell.xib */ = {isa = PBXFileReference; lastKnownFileType = file.xib; path = BlogCollectionViewCell.xib; sourceTree = "<group>"; };
		84D7F82F264424DE004B2DB0 /* Constants.swift */ = {isa = PBXFileReference; lastKnownFileType = sourcecode.swift; path = Constants.swift; sourceTree = "<group>"; };
		84D7F831264427E6004B2DB0 /* MainScreenDataSourceManager.swift */ = {isa = PBXFileReference; lastKnownFileType = sourcecode.swift; path = MainScreenDataSourceManager.swift; sourceTree = "<group>"; };
		84DB77E926384AEE0094483E /* SignInViewController.swift */ = {isa = PBXFileReference; lastKnownFileType = sourcecode.swift; path = SignInViewController.swift; sourceTree = "<group>"; };
		84DB77EB26384B0A0094483E /* SignInViewController.storyboard */ = {isa = PBXFileReference; lastKnownFileType = file.storyboard; path = SignInViewController.storyboard; sourceTree = "<group>"; };
		84DDE72C2636CD6D005D91C8 /* en */ = {isa = PBXFileReference; lastKnownFileType = text.plist.strings; name = en; path = en.lproj/Localizable.strings; sourceTree = "<group>"; };
		84DDE7312636CD71005D91C8 /* ru-RU */ = {isa = PBXFileReference; lastKnownFileType = text.plist.strings; name = "ru-RU"; path = "ru-RU.lproj/Localizable.strings"; sourceTree = "<group>"; };
		84DDE7322636CECE005D91C8 /* RootViewController.swift */ = {isa = PBXFileReference; lastKnownFileType = sourcecode.swift; path = RootViewController.swift; sourceTree = "<group>"; };
		84DDE7402636D4AE005D91C8 /* Montserrat-SemiBold.ttf */ = {isa = PBXFileReference; lastKnownFileType = file; path = "Montserrat-SemiBold.ttf"; sourceTree = "<group>"; };
		84DDE7472636D509005D91C8 /* Inter-Regular.ttf */ = {isa = PBXFileReference; lastKnownFileType = file; path = "Inter-Regular.ttf"; sourceTree = "<group>"; };
		84EB44E42637EEA400828222 /* UIViewController+Navigation.swift */ = {isa = PBXFileReference; lastKnownFileType = sourcecode.swift; path = "UIViewController+Navigation.swift"; sourceTree = "<group>"; };
		84EB44E92638026400828222 /* LoginViewController.swift */ = {isa = PBXFileReference; lastKnownFileType = sourcecode.swift; path = LoginViewController.swift; sourceTree = "<group>"; };
		84EB44EB2638027900828222 /* LoginViewController.storyboard */ = {isa = PBXFileReference; lastKnownFileType = file.storyboard; path = LoginViewController.storyboard; sourceTree = "<group>"; };
		88A58A97CB67C0588BA66AD5 /* Pods-Hemitage-HemitageUITests.release.xcconfig */ = {isa = PBXFileReference; includeInIndex = 1; lastKnownFileType = text.xcconfig; name = "Pods-Hemitage-HemitageUITests.release.xcconfig"; path = "Target Support Files/Pods-Hemitage-HemitageUITests/Pods-Hemitage-HemitageUITests.release.xcconfig"; sourceTree = "<group>"; };
		9F311DCD9DD40862B92A5016 /* Pods-Hemitage.release.xcconfig */ = {isa = PBXFileReference; includeInIndex = 1; lastKnownFileType = text.xcconfig; name = "Pods-Hemitage.release.xcconfig"; path = "Target Support Files/Pods-Hemitage/Pods-Hemitage.release.xcconfig"; sourceTree = "<group>"; };
		DA0E06E33BA46AF8CDE450FB /* Pods-HemitageTests.release.xcconfig */ = {isa = PBXFileReference; includeInIndex = 1; lastKnownFileType = text.xcconfig; name = "Pods-HemitageTests.release.xcconfig"; path = "Target Support Files/Pods-HemitageTests/Pods-HemitageTests.release.xcconfig"; sourceTree = "<group>"; };
		F2B0D95A759069A42BD1DCDF /* Pods_Hemitage.framework */ = {isa = PBXFileReference; explicitFileType = wrapper.framework; includeInIndex = 0; path = Pods_Hemitage.framework; sourceTree = BUILT_PRODUCTS_DIR; };
/* End PBXFileReference section */

/* Begin PBXFrameworksBuildPhase section */
		848CF73C26369F270070A3C6 /* Frameworks */ = {
			isa = PBXFrameworksBuildPhase;
			buildActionMask = 2147483647;
			files = (
				DC9FB0F56C38F572D3BF4C65 /* Pods_Hemitage.framework in Frameworks */,
			);
			runOnlyForDeploymentPostprocessing = 0;
		};
		848CF75526369F2C0070A3C6 /* Frameworks */ = {
			isa = PBXFrameworksBuildPhase;
			buildActionMask = 2147483647;
			files = (
				DDF8538BA8C163197BC79F6C /* Pods_HemitageTests.framework in Frameworks */,
			);
			runOnlyForDeploymentPostprocessing = 0;
		};
		848CF76026369F2C0070A3C6 /* Frameworks */ = {
			isa = PBXFrameworksBuildPhase;
			buildActionMask = 2147483647;
			files = (
				0DE2229DD3B38CBEE9579469 /* Pods_Hemitage_HemitageUITests.framework in Frameworks */,
			);
			runOnlyForDeploymentPostprocessing = 0;
		};
/* End PBXFrameworksBuildPhase section */

/* Begin PBXGroup section */
		4E10E560D2AAA83C9EC7B97B /* Pods */ = {
			isa = PBXGroup;
			children = (
				1B78CCC1088D24AA6889581E /* Pods-Hemitage.debug.xcconfig */,
				9F311DCD9DD40862B92A5016 /* Pods-Hemitage.release.xcconfig */,
				0E5B51B0A79B42A820DC6A7A /* Pods-Hemitage-HemitageUITests.debug.xcconfig */,
				88A58A97CB67C0588BA66AD5 /* Pods-Hemitage-HemitageUITests.release.xcconfig */,
				068CE2E5D04A901445AA6FB4 /* Pods-HemitageTests.debug.xcconfig */,
				DA0E06E33BA46AF8CDE450FB /* Pods-HemitageTests.release.xcconfig */,
			);
			path = Pods;
			sourceTree = "<group>";
		};
		843F0B52264EA0BB004DE5A8 /* FireStoreDataManager */ = {
			isa = PBXGroup;
			children = (
				843F0B78265528CF004DE5A8 /* FireStoreDataManagerProtocol.swift */,
				843F0B5C26527C02004DE5A8 /* FireStoreCacheDataManager.swift */,
				843F0B7C26552918004DE5A8 /* FireStoreDataManager.swift */,
				843F0B5A26526E43004DE5A8 /* FireStoreCollectionName.swift */,
			);
			path = FireStoreDataManager;
			sourceTree = "<group>";
		};
		843F0B5926525EE6004DE5A8 /* FirebaseStorageManager */ = {
			isa = PBXGroup;
			children = (
				843F0B55264EB90F004DE5A8 /* FirebaseStorageManager.swift */,
				843F0B5726525EDE004DE5A8 /* StorageDirectory.swift */,
			);
			path = FirebaseStorageManager;
			sourceTree = "<group>";
		};
		843F0B5E26551048004DE5A8 /* Models */ = {
			isa = PBXGroup;
			children = (
				843F0B6B26551D52004DE5A8 /* Article+CoreDataClass copy.swift */,
			);
			path = Models;
			sourceTree = "<group>";
		};
		843F0B8D265680EC004DE5A8 /* Managers */ = {
			isa = PBXGroup;
			children = (
				849A51012639A2570047340A /* KeyboardManager.swift */,
				843F0B89265680B1004DE5A8 /* ContentManager.swift */,
			);
			path = Managers;
			sourceTree = "<group>";
		};
		848CF73626369F270070A3C6 = {
			isa = PBXGroup;
			children = (
				848CF74126369F270070A3C6 /* Hemitage */,
				848CF75B26369F2C0070A3C6 /* HemitageTests */,
				848CF76626369F2C0070A3C6 /* HemitageUITests */,
				848CF74026369F270070A3C6 /* Products */,
				4E10E560D2AAA83C9EC7B97B /* Pods */,
				A8F3CBBB0AAC7A76744ACFAC /* Frameworks */,
			);
			sourceTree = "<group>";
		};
		848CF74026369F270070A3C6 /* Products */ = {
			isa = PBXGroup;
			children = (
				848CF73F26369F270070A3C6 /* Hemitage.app */,
				848CF75826369F2C0070A3C6 /* HemitageTests.xctest */,
				848CF76326369F2C0070A3C6 /* HemitageUITests.xctest */,
			);
			name = Products;
			sourceTree = "<group>";
		};
		848CF74126369F270070A3C6 /* Hemitage */ = {
			isa = PBXGroup;
			children = (
				84D7F792263BF6A9004B2DB0 /* Hemitage.entitlements */,
				84DDE7222636CCF0005D91C8 /* Localization */,
				848CF79A2636B3E00070A3C6 /* Core */,
				848CF7812636AABE0070A3C6 /* Models */,
				848CF79D2636B49E0070A3C6 /* Views */,
				848CF7802636A2D60070A3C6 /* FirebaseManager */,
				848CF7992636B38F0070A3C6 /* CoreData */,
				84A00ABC265B897C00087E07 /* ImageManager */,
				848CF77C2636A0510070A3C6 /* Resourses */,
				848CF77826369FFA0070A3C6 /* Settings */,
			);
			path = Hemitage;
			sourceTree = "<group>";
		};
		848CF75B26369F2C0070A3C6 /* HemitageTests */ = {
			isa = PBXGroup;
			children = (
				848CF75C26369F2C0070A3C6 /* HemitageTests.swift */,
				848CF75E26369F2C0070A3C6 /* Info.plist */,
			);
			path = HemitageTests;
			sourceTree = "<group>";
		};
		848CF76626369F2C0070A3C6 /* HemitageUITests */ = {
			isa = PBXGroup;
			children = (
				848CF76726369F2C0070A3C6 /* HemitageUITests.swift */,
				848CF76926369F2C0070A3C6 /* Info.plist */,
			);
			path = HemitageUITests;
			sourceTree = "<group>";
		};
		848CF77826369FFA0070A3C6 /* Settings */ = {
			isa = PBXGroup;
			children = (
				848CF74226369F270070A3C6 /* AppDelegate.swift */,
				84D7F795263C0946004B2DB0 /* GoogleService-Info.plist */,
				848CF75326369F2C0070A3C6 /* Info.plist */,
			);
			path = Settings;
			sourceTree = "<group>";
		};
		848CF77C2636A0510070A3C6 /* Resourses */ = {
			isa = PBXGroup;
			children = (
				848CF7822636AB850070A3C6 /* Fonts */,
				848CF74E26369F2C0070A3C6 /* Assets.xcassets */,
				84D7F82F264424DE004B2DB0 /* Constants.swift */,
			);
			path = Resourses;
			sourceTree = "<group>";
		};
		848CF7802636A2D60070A3C6 /* FirebaseManager */ = {
			isa = PBXGroup;
			children = (
				843F0B5926525EE6004DE5A8 /* FirebaseStorageManager */,
				843F0B52264EA0BB004DE5A8 /* FireStoreDataManager */,
				84A00ACB265CFBC900087E07 /* Auth */,
				849A50FB26398E4A0047340A /* FirebaseError.swift */,
			);
			path = FirebaseManager;
			sourceTree = "<group>";
		};
		848CF7812636AABE0070A3C6 /* Models */ = {
			isa = PBXGroup;
			children = (
				843F0B8D265680EC004DE5A8 /* Managers */,
				849C4E67264A8D3800C26C53 /* SongModel.swift */,
				849C4E70264ACB8500C26C53 /* ProfileModel.swift */,
				849C4E72264ACC2200C26C53 /* CategoriesModel.swift */,
				849C4E74264ACC6600C26C53 /* BlogModel.swift */,
				849C4E76264B0E4D00C26C53 /* MapModel.swift */,
			);
			path = Models;
			sourceTree = "<group>";
		};
		848CF7822636AB850070A3C6 /* Fonts */ = {
			isa = PBXGroup;
			children = (
				84DDE7402636D4AE005D91C8 /* Montserrat-SemiBold.ttf */,
				84D7F81B2643D62C004B2DB0 /* Inter-SemiBold.ttf */,
				84DDE7472636D509005D91C8 /* Inter-Regular.ttf */,
				848CF78E2636B1A40070A3C6 /* Inter-Bold.ttf */,
			);
			path = Fonts;
			sourceTree = "<group>";
		};
		848CF7992636B38F0070A3C6 /* CoreData */ = {
			isa = PBXGroup;
			children = (
				848CF74B26369F270070A3C6 /* Hemitage.xcdatamodeld */,
				843F0B732655232E004DE5A8 /* DataStoreManager.swift */,
				843F0B5E26551048004DE5A8 /* Models */,
			);
			path = CoreData;
			sourceTree = "<group>";
		};
		848CF79A2636B3E00070A3C6 /* Core */ = {
			isa = PBXGroup;
			children = (
				84A00ABD265B8D7100087E07 /* Enums */,
				848CF79C2636B3EE0070A3C6 /* Extensions */,
				848CF79B2636B3E60070A3C6 /* Protocols */,
			);
			path = Core;
			sourceTree = "<group>";
		};
		848CF79B2636B3E60070A3C6 /* Protocols */ = {
			isa = PBXGroup;
			children = (
				849C4E6E264AA01800C26C53 /* ConfiguringCell.swift */,
				84D7F7A0263C490E004B2DB0 /* KeyboardStateObserver.swift */,
				84D7F7A2263C4E90004B2DB0 /* KeyboardManagerProtocol.swift */,
				84A00AD1265D1BE400087E07 /* PasscodeManagerProtocol.swift */,
			);
			name = Protocols;
			sourceTree = "<group>";
		};
		848CF79C2636B3EE0070A3C6 /* Extensions */ = {
			isa = PBXGroup;
			children = (
				84EB44E42637EEA400828222 /* UIViewController+Navigation.swift */,
				84205E56263832DB005264E8 /* UITextfield+View.swift */,
				849A50E926394D600047340A /* AppDelegate+Navigation.swift */,
				84D7F782263AB17C004B2DB0 /* UIViewController+Alert.swift */,
				843F0B802655345A004DE5A8 /* Date+StringPresentation.swift */,
			);
			path = Extensions;
			sourceTree = "<group>";
		};
		848CF79D2636B49E0070A3C6 /* Views */ = {
			isa = PBXGroup;
			children = (
				84DDE7322636CECE005D91C8 /* RootViewController.swift */,
				84D7F80B2642B610004B2DB0 /* MainFunctionality */,
				84D7F80A2642B5E3004B2DB0 /* Authorization */,
				848CF79E2636B6BC0070A3C6 /* Splash */,
			);
			path = Views;
			sourceTree = "<group>";
		};
		848CF79E2636B6BC0070A3C6 /* Splash */ = {
			isa = PBXGroup;
			children = (
				848CF75026369F2C0070A3C6 /* LaunchScreen.storyboard */,
			);
			path = Splash;
			sourceTree = "<group>";
		};
		848CF79F2636B6F20070A3C6 /* WelcomeScreen */ = {
			isa = PBXGroup;
			children = (
				848CF74826369F270070A3C6 /* WelcomeViewController.storyboard */,
				848CF74626369F270070A3C6 /* WelcomeViewController.swift */,
				84D7F78A263AF102004B2DB0 /* WelcomeViewModel.swift */,
			);
			path = WelcomeScreen;
			sourceTree = "<group>";
		};
		84926F86264D3944005E9074 /* Builder */ = {
			isa = PBXGroup;
			children = (
				84926F87264D3D14005E9074 /* MainScreenBuilder.swift */,
				84926F89264D48D3005E9074 /* MainScreenCollectionViewSetup.swift */,
				84D7F831264427E6004B2DB0 /* MainScreenDataSourceManager.swift */,
				849C4E342646C90400C26C53 /* MainScreenLayoutConstructor.swift */,
				849C4E83264BEC1900C26C53 /* MainScreenCollectionViewDelegate.swift */,
			);
			path = Builder;
			sourceTree = "<group>";
		};
		849A50FD26399B5F0047340A /* SignIn */ = {
			isa = PBXGroup;
			children = (
				849A50F526397FF10047340A /* SignInManager.swift */,
			);
			path = SignIn;
			sourceTree = "<group>";
		};
		849A50FE26399B6D0047340A /* Login */ = {
			isa = PBXGroup;
			children = (
				84D7F79F263C4876004B2DB0 /* AuthObserver */,
				84D7F799263C2C02004B2DB0 /* Protocols */,
				84D7F79C263C3E2B004B2DB0 /* AuthStrategy */,
				84D7F786263AB62F004B2DB0 /* AuthorizationType.swift */,
				84D7F784263AB5C2004B2DB0 /* LoginStatus.swift */,
			);
			path = Login;
			sourceTree = "<group>";
		};
		849C4E362646C9A400C26C53 /* SongView */ = {
			isa = PBXGroup;
			children = (
				84D7F8172643D01E004B2DB0 /* TemplateSongView.xib */,
				84D7F8192643D035004B2DB0 /* TemplateSongView.swift */,
				849C4E7E264BD11900C26C53 /* ViewModelTemplateSong.swift */,
			);
			path = SongView;
			sourceTree = "<group>";
		};
		849C4E372646C9E700C26C53 /* DataSourceManager */ = {
			isa = PBXGroup;
			children = (
				84926F86264D3944005E9074 /* Builder */,
				849C4E5F264A71F900C26C53 /* MainScreenTypeOfSection.swift */,
				849C4E61264A750C00C26C53 /* MainScreenHeaderType.swift */,
				849C4E78264B102800C26C53 /* MainScreenModelWrapper.swift */,
			);
			path = DataSourceManager;
			sourceTree = "<group>";
		};
		849C4E63264A777000C26C53 /* Templates */ = {
			isa = PBXGroup;
			children = (
				849C4E64264A77C000C26C53 /* MainScreenHeaderView.xib */,
				849C4E322645723300C26C53 /* MainScreenHeaderView.swift */,
			);
			path = Templates;
			sourceTree = "<group>";
		};
		84A00ABC265B897C00087E07 /* ImageManager */ = {
			isa = PBXGroup;
			children = (
				843F0B9226579F49004DE5A8 /* ImageCacheManager.swift */,
				84A00ABA265B897000087E07 /* ImageFileManager.swift */,
				84A00ABE265B910400087E07 /* ImageManagerModel.swift */,
			);
			path = ImageManager;
			sourceTree = "<group>";
		};
		84A00ABD265B8D7100087E07 /* Enums */ = {
			isa = PBXGroup;
			children = (
				843F0B8E265682BF004DE5A8 /* TypeOfChangeDocument.swift */,
			);
			path = Enums;
			sourceTree = "<group>";
		};
		84A00AC3265BED0000087E07 /* PasscodeRecovery */ = {
			isa = PBXGroup;
			children = (
				84A00AC6265BED5700087E07 /* PasscodeRecoveryViewController.storyboard */,
				84A00AC4265BED3E00087E07 /* PasscodeRecoveryViewController.swift */,
				84A00AC8265CE1E800087E07 /* PasscodeRecoveryViewModel.swift */,
			);
			path = PasscodeRecovery;
			sourceTree = "<group>";
		};
		84A00ACB265CFBC900087E07 /* Auth */ = {
			isa = PBXGroup;
			children = (
				84A00ACC265CFBF800087E07 /* PasswordManager */,
				849A50FE26399B6D0047340A /* Login */,
				849A50FD26399B5F0047340A /* SignIn */,
				849A50F92639874F0047340A /* Validation.swift */,
			);
			path = Auth;
			sourceTree = "<group>";
		};
		84A00ACC265CFBF800087E07 /* PasswordManager */ = {
			isa = PBXGroup;
			children = (
				84A00ACD265CFD2500087E07 /* PasswordManager.swift */,
				84A00ACF265D1A9300087E07 /* PasswordManagerObserver.swift */,
			);
			path = PasswordManager;
			sourceTree = "<group>";
		};
		84A00AD3265E3FE100087E07 /* NewPasscode */ = {
			isa = PBXGroup;
			children = (
				84A00AD6265E403900087E07 /* NewPasscodeViewController.storyboard */,
				84A00AD4265E401C00087E07 /* NewPasscodeViewController.swift */,
			);
			path = NewPasscode;
			sourceTree = "<group>";
		};
		84D7F799263C2C02004B2DB0 /* Protocols */ = {
			isa = PBXGroup;
			children = (
				84D7F79A263C2C26004B2DB0 /* LoginManager.swift */,
				84D7F797263C284C004B2DB0 /* AuthResultDelegate.swift */,
			);
			path = Protocols;
			sourceTree = "<group>";
		};
		84D7F79C263C3E2B004B2DB0 /* AuthStrategy */ = {
			isa = PBXGroup;
			children = (
				849A50FF26399CE80047340A /* AuthorizationTypeQualifier.swift */,
				84D7F790263BE4F8004B2DB0 /* AppleFirebaseLoginManager.swift */,
				84D7F788263AEAF4004B2DB0 /* FacebookFirebaseLoginManager.swift */,
				849A50F1263972D10047340A /* EmailFireBaseLogInManager.swift */,
			);
			path = AuthStrategy;
			sourceTree = "<group>";
		};
		84D7F79F263C4876004B2DB0 /* AuthObserver */ = {
			isa = PBXGroup;
			children = (
				84D7F78C263AF8E9004B2DB0 /* LoginViewModelProtocol.swift */,
				84D7F79D263C404D004B2DB0 /* AuthObserver.swift */,
			);
			path = AuthObserver;
			sourceTree = "<group>";
		};
		84D7F80A2642B5E3004B2DB0 /* Authorization */ = {
			isa = PBXGroup;
			children = (
				848CF79F2636B6F20070A3C6 /* WelcomeScreen */,
				84EB44E82638021900828222 /* LogInScreen */,
				84DB77E826384A8B0094483E /* SignInScreen */,
				84A00AC3265BED0000087E07 /* PasscodeRecovery */,
				84A00AD3265E3FE100087E07 /* NewPasscode */,
			);
			path = Authorization;
			sourceTree = "<group>";
		};
		84D7F80B2642B610004B2DB0 /* MainFunctionality */ = {
			isa = PBXGroup;
			children = (
				84D7F8152642DE02004B2DB0 /* MainScreen */,
				84D7F8162643CFAF004B2DB0 /* Templates */,
			);
			path = MainFunctionality;
			sourceTree = "<group>";
		};
		84D7F8102642B9A3004B2DB0 /* TemplateHeaderView */ = {
			isa = PBXGroup;
			children = (
				84D7F8112642BA26004B2DB0 /* TemplateHeaderView.xib */,
				84D7F8132642C481004B2DB0 /* TemplateHeaderView.swift */,
				849C4E7A264BBEB000C26C53 /* ViewModelTemplateHeader.swift */,
			);
			path = TemplateHeaderView;
			sourceTree = "<group>";
		};
		84D7F8152642DE02004B2DB0 /* MainScreen */ = {
			isa = PBXGroup;
			children = (
				84D7F80C2642B7E8004B2DB0 /* MainScreenViewController.storyboard */,
				84D7F80E2642B80C004B2DB0 /* MainScreenViewController.swift */,
				849C4E6C264A922A00C26C53 /* MainScreenViewModel.swift */,
				849C4E372646C9E700C26C53 /* DataSourceManager */,
				84D7F81D2643F536004B2DB0 /* CollectionViewCells */,
				849C4E63264A777000C26C53 /* Templates */,
			);
			path = MainScreen;
			sourceTree = "<group>";
		};
		84D7F8162643CFAF004B2DB0 /* Templates */ = {
			isa = PBXGroup;
			children = (
				849C4E7C264BC01400C26C53 /* TemplatesViewModelProtocol.swift */,
				84D7F8102642B9A3004B2DB0 /* TemplateHeaderView */,
				849C4E362646C9A400C26C53 /* SongView */,
			);
			path = Templates;
			sourceTree = "<group>";
		};
		84D7F81D2643F536004B2DB0 /* CollectionViewCells */ = {
			isa = PBXGroup;
			children = (
				84926F55264D0D1F005E9074 /* MainScreenCollectionViewCellModelViewProtocol.swift */,
				84D7F81E2643F5A5004B2DB0 /* Map */,
				84D7F81F2643F5B8004B2DB0 /* Categories */,
				84D7F8202643F5D0004B2DB0 /* Blog */,
			);
			path = CollectionViewCells;
			sourceTree = "<group>";
		};
		84D7F81E2643F5A5004B2DB0 /* Map */ = {
			isa = PBXGroup;
			children = (
				84D7F8222643F605004B2DB0 /* MapCollectionViewCell.xib */,
				84D7F8212643F605004B2DB0 /* MapCollectionViewCell.swift */,
				84926F53264D0A89005E9074 /* MapCollectionViewCellModelView.swift */,
			);
			path = Map;
			sourceTree = "<group>";
		};
		84D7F81F2643F5B8004B2DB0 /* Categories */ = {
			isa = PBXGroup;
			children = (
				84D7F82626441434004B2DB0 /* CategoriesCollectionViewCell.xib */,
				84D7F82526441434004B2DB0 /* CategoriesCollectionViewCell.swift */,
				84926F57264D1378005E9074 /* CategoriesCollectionViewCellModelView.swift */,
			);
			path = Categories;
			sourceTree = "<group>";
		};
		84D7F8202643F5D0004B2DB0 /* Blog */ = {
			isa = PBXGroup;
			children = (
				84D7F82A2644184E004B2DB0 /* BlogCollectionViewCell.xib */,
				84D7F8292644184E004B2DB0 /* BlogCollectionViewCell.swift */,
				84926F59264D1389005E9074 /* BlogCollectionViewCellModelView.swift */,
			);
			path = Blog;
			sourceTree = "<group>";
		};
		84DB77E826384A8B0094483E /* SignInScreen */ = {
			isa = PBXGroup;
			children = (
				84DB77EB26384B0A0094483E /* SignInViewController.storyboard */,
				84DB77E926384AEE0094483E /* SignInViewController.swift */,
				849A50F72639861E0047340A /* SignInViewModel.swift */,
			);
			path = SignInScreen;
			sourceTree = "<group>";
		};
		84DDE7222636CCF0005D91C8 /* Localization */ = {
			isa = PBXGroup;
			children = (
				84DDE72D2636CD6D005D91C8 /* Localizable.strings */,
			);
			path = Localization;
			sourceTree = "<group>";
		};
		84EB44E82638021900828222 /* LogInScreen */ = {
			isa = PBXGroup;
			children = (
				84EB44EB2638027900828222 /* LoginViewController.storyboard */,
				84EB44E92638026400828222 /* LoginViewController.swift */,
				849A50F326397C250047340A /* LoginViewModel.swift */,
			);
			path = LogInScreen;
			sourceTree = "<group>";
		};
		A8F3CBBB0AAC7A76744ACFAC /* Frameworks */ = {
			isa = PBXGroup;
			children = (
				F2B0D95A759069A42BD1DCDF /* Pods_Hemitage.framework */,
				5A1081C7998670EFECE87C53 /* Pods_Hemitage_HemitageUITests.framework */,
				55F992CFC66C9E73B0826643 /* Pods_HemitageTests.framework */,
			);
			name = Frameworks;
			sourceTree = "<group>";
		};
/* End PBXGroup section */

/* Begin PBXNativeTarget section */
		848CF73E26369F270070A3C6 /* Hemitage */ = {
			isa = PBXNativeTarget;
			buildConfigurationList = 848CF76C26369F2C0070A3C6 /* Build configuration list for PBXNativeTarget "Hemitage" */;
			buildPhases = (
				ACB39E7A2CEFF09B4940FD51 /* [CP] Check Pods Manifest.lock */,
				848CF73B26369F270070A3C6 /* Sources */,
				848CF73C26369F270070A3C6 /* Frameworks */,
				848CF73D26369F270070A3C6 /* Resources */,
				1701AB6C1C5CB809C3E2E73C /* [CP] Embed Pods Frameworks */,
				D78F27C661DF0FC4A0E532E6 /* [CP] Copy Pods Resources */,
			);
			buildRules = (
			);
			dependencies = (
			);
			name = Hemitage;
			productName = Hemitage;
			productReference = 848CF73F26369F270070A3C6 /* Hemitage.app */;
			productType = "com.apple.product-type.application";
		};
		848CF75726369F2C0070A3C6 /* HemitageTests */ = {
			isa = PBXNativeTarget;
			buildConfigurationList = 848CF76F26369F2C0070A3C6 /* Build configuration list for PBXNativeTarget "HemitageTests" */;
			buildPhases = (
				F1E79DDFFDF31AF09FB40E64 /* [CP] Check Pods Manifest.lock */,
				848CF75426369F2C0070A3C6 /* Sources */,
				848CF75526369F2C0070A3C6 /* Frameworks */,
				848CF75626369F2C0070A3C6 /* Resources */,
			);
			buildRules = (
			);
			dependencies = (
				848CF75A26369F2C0070A3C6 /* PBXTargetDependency */,
			);
			name = HemitageTests;
			productName = HemitageTests;
			productReference = 848CF75826369F2C0070A3C6 /* HemitageTests.xctest */;
			productType = "com.apple.product-type.bundle.unit-test";
		};
		848CF76226369F2C0070A3C6 /* HemitageUITests */ = {
			isa = PBXNativeTarget;
			buildConfigurationList = 848CF77226369F2C0070A3C6 /* Build configuration list for PBXNativeTarget "HemitageUITests" */;
			buildPhases = (
				3804E3E78B17456CC97EEA7D /* [CP] Check Pods Manifest.lock */,
				848CF75F26369F2C0070A3C6 /* Sources */,
				848CF76026369F2C0070A3C6 /* Frameworks */,
				848CF76126369F2C0070A3C6 /* Resources */,
				C6A5AAC93B08188DAAC45938 /* [CP] Embed Pods Frameworks */,
				035440A80BAA5342FAD6F08F /* [CP] Copy Pods Resources */,
			);
			buildRules = (
			);
			dependencies = (
				848CF76526369F2C0070A3C6 /* PBXTargetDependency */,
			);
			name = HemitageUITests;
			productName = HemitageUITests;
			productReference = 848CF76326369F2C0070A3C6 /* HemitageUITests.xctest */;
			productType = "com.apple.product-type.bundle.ui-testing";
		};
/* End PBXNativeTarget section */

/* Begin PBXProject section */
		848CF73726369F270070A3C6 /* Project object */ = {
			isa = PBXProject;
			attributes = {
				LastSwiftUpdateCheck = 1240;
				LastUpgradeCheck = 1240;
				TargetAttributes = {
					848CF73E26369F270070A3C6 = {
						CreatedOnToolsVersion = 12.4;
					};
					848CF75726369F2C0070A3C6 = {
						CreatedOnToolsVersion = 12.4;
						TestTargetID = 848CF73E26369F270070A3C6;
					};
					848CF76226369F2C0070A3C6 = {
						CreatedOnToolsVersion = 12.4;
						TestTargetID = 848CF73E26369F270070A3C6;
					};
				};
			};
			buildConfigurationList = 848CF73A26369F270070A3C6 /* Build configuration list for PBXProject "Hemitage" */;
			compatibilityVersion = "Xcode 9.3";
			developmentRegion = en;
			hasScannedForEncodings = 0;
			knownRegions = (
				en,
				Base,
				"ru-RU",
			);
			mainGroup = 848CF73626369F270070A3C6;
			productRefGroup = 848CF74026369F270070A3C6 /* Products */;
			projectDirPath = "";
			projectRoot = "";
			targets = (
				848CF73E26369F270070A3C6 /* Hemitage */,
				848CF75726369F2C0070A3C6 /* HemitageTests */,
				848CF76226369F2C0070A3C6 /* HemitageUITests */,
			);
		};
/* End PBXProject section */

/* Begin PBXResourcesBuildPhase section */
		848CF73D26369F270070A3C6 /* Resources */ = {
			isa = PBXResourcesBuildPhase;
			buildActionMask = 2147483647;
			files = (
				84EB44EC2638027900828222 /* LoginViewController.storyboard in Resources */,
				84DB77EC26384B0A0094483E /* SignInViewController.storyboard in Resources */,
				84D7F8182643D01E004B2DB0 /* TemplateSongView.xib in Resources */,
				84DDE7412636D4AE005D91C8 /* Montserrat-SemiBold.ttf in Resources */,
				84D7F8122642BA26004B2DB0 /* TemplateHeaderView.xib in Resources */,
				84DDE72B2636CD6D005D91C8 /* Localizable.strings in Resources */,
				84A00AD7265E403900087E07 /* NewPasscodeViewController.storyboard in Resources */,
				84D7F81C2643D62C004B2DB0 /* Inter-SemiBold.ttf in Resources */,
				84D7F8242643F606004B2DB0 /* MapCollectionViewCell.xib in Resources */,
				848CF75226369F2C0070A3C6 /* LaunchScreen.storyboard in Resources */,
				848CF74F26369F2C0070A3C6 /* Assets.xcassets in Resources */,
				848CF78F2636B1A40070A3C6 /* Inter-Bold.ttf in Resources */,
				84D7F82C2644184F004B2DB0 /* BlogCollectionViewCell.xib in Resources */,
				84D7F796263C0947004B2DB0 /* GoogleService-Info.plist in Resources */,
				84D7F82826441434004B2DB0 /* CategoriesCollectionViewCell.xib in Resources */,
				84A00AC7265BED5700087E07 /* PasscodeRecoveryViewController.storyboard in Resources */,
				84D7F80D2642B7E8004B2DB0 /* MainScreenViewController.storyboard in Resources */,
				848CF74A26369F270070A3C6 /* WelcomeViewController.storyboard in Resources */,
				849C4E65264A77C000C26C53 /* MainScreenHeaderView.xib in Resources */,
				84DDE7482636D509005D91C8 /* Inter-Regular.ttf in Resources */,
			);
			runOnlyForDeploymentPostprocessing = 0;
		};
		848CF75626369F2C0070A3C6 /* Resources */ = {
			isa = PBXResourcesBuildPhase;
			buildActionMask = 2147483647;
			files = (
				84DDE7422636D4AE005D91C8 /* Montserrat-SemiBold.ttf in Resources */,
				84DDE7492636D509005D91C8 /* Inter-Regular.ttf in Resources */,
				848CF7902636B1A40070A3C6 /* Inter-Bold.ttf in Resources */,
			);
			runOnlyForDeploymentPostprocessing = 0;
		};
		848CF76126369F2C0070A3C6 /* Resources */ = {
			isa = PBXResourcesBuildPhase;
			buildActionMask = 2147483647;
			files = (
				84DDE7432636D4AE005D91C8 /* Montserrat-SemiBold.ttf in Resources */,
				84DDE74A2636D509005D91C8 /* Inter-Regular.ttf in Resources */,
				848CF7912636B1A40070A3C6 /* Inter-Bold.ttf in Resources */,
			);
			runOnlyForDeploymentPostprocessing = 0;
		};
/* End PBXResourcesBuildPhase section */

/* Begin PBXShellScriptBuildPhase section */
		035440A80BAA5342FAD6F08F /* [CP] Copy Pods Resources */ = {
			isa = PBXShellScriptBuildPhase;
			buildActionMask = 2147483647;
			files = (
			);
			inputFileListPaths = (
				"${PODS_ROOT}/Target Support Files/Pods-Hemitage-HemitageUITests/Pods-Hemitage-HemitageUITests-resources-${CONFIGURATION}-input-files.xcfilelist",
			);
			name = "[CP] Copy Pods Resources";
			outputFileListPaths = (
				"${PODS_ROOT}/Target Support Files/Pods-Hemitage-HemitageUITests/Pods-Hemitage-HemitageUITests-resources-${CONFIGURATION}-output-files.xcfilelist",
			);
			runOnlyForDeploymentPostprocessing = 0;
			shellPath = /bin/sh;
			shellScript = "\"${PODS_ROOT}/Target Support Files/Pods-Hemitage-HemitageUITests/Pods-Hemitage-HemitageUITests-resources.sh\"\n";
			showEnvVarsInLog = 0;
		};
		1701AB6C1C5CB809C3E2E73C /* [CP] Embed Pods Frameworks */ = {
			isa = PBXShellScriptBuildPhase;
			buildActionMask = 2147483647;
			files = (
			);
			inputFileListPaths = (
				"${PODS_ROOT}/Target Support Files/Pods-Hemitage/Pods-Hemitage-frameworks-${CONFIGURATION}-input-files.xcfilelist",
			);
			name = "[CP] Embed Pods Frameworks";
			outputFileListPaths = (
				"${PODS_ROOT}/Target Support Files/Pods-Hemitage/Pods-Hemitage-frameworks-${CONFIGURATION}-output-files.xcfilelist",
			);
			runOnlyForDeploymentPostprocessing = 0;
			shellPath = /bin/sh;
			shellScript = "\"${PODS_ROOT}/Target Support Files/Pods-Hemitage/Pods-Hemitage-frameworks.sh\"\n";
			showEnvVarsInLog = 0;
		};
		3804E3E78B17456CC97EEA7D /* [CP] Check Pods Manifest.lock */ = {
			isa = PBXShellScriptBuildPhase;
			buildActionMask = 2147483647;
			files = (
			);
			inputFileListPaths = (
			);
			inputPaths = (
				"${PODS_PODFILE_DIR_PATH}/Podfile.lock",
				"${PODS_ROOT}/Manifest.lock",
			);
			name = "[CP] Check Pods Manifest.lock";
			outputFileListPaths = (
			);
			outputPaths = (
				"$(DERIVED_FILE_DIR)/Pods-Hemitage-HemitageUITests-checkManifestLockResult.txt",
			);
			runOnlyForDeploymentPostprocessing = 0;
			shellPath = /bin/sh;
			shellScript = "diff \"${PODS_PODFILE_DIR_PATH}/Podfile.lock\" \"${PODS_ROOT}/Manifest.lock\" > /dev/null\nif [ $? != 0 ] ; then\n    # print error to STDERR\n    echo \"error: The sandbox is not in sync with the Podfile.lock. Run 'pod install' or update your CocoaPods installation.\" >&2\n    exit 1\nfi\n# This output is used by Xcode 'outputs' to avoid re-running this script phase.\necho \"SUCCESS\" > \"${SCRIPT_OUTPUT_FILE_0}\"\n";
			showEnvVarsInLog = 0;
		};
		ACB39E7A2CEFF09B4940FD51 /* [CP] Check Pods Manifest.lock */ = {
			isa = PBXShellScriptBuildPhase;
			buildActionMask = 2147483647;
			files = (
			);
			inputFileListPaths = (
			);
			inputPaths = (
				"${PODS_PODFILE_DIR_PATH}/Podfile.lock",
				"${PODS_ROOT}/Manifest.lock",
			);
			name = "[CP] Check Pods Manifest.lock";
			outputFileListPaths = (
			);
			outputPaths = (
				"$(DERIVED_FILE_DIR)/Pods-Hemitage-checkManifestLockResult.txt",
			);
			runOnlyForDeploymentPostprocessing = 0;
			shellPath = /bin/sh;
			shellScript = "diff \"${PODS_PODFILE_DIR_PATH}/Podfile.lock\" \"${PODS_ROOT}/Manifest.lock\" > /dev/null\nif [ $? != 0 ] ; then\n    # print error to STDERR\n    echo \"error: The sandbox is not in sync with the Podfile.lock. Run 'pod install' or update your CocoaPods installation.\" >&2\n    exit 1\nfi\n# This output is used by Xcode 'outputs' to avoid re-running this script phase.\necho \"SUCCESS\" > \"${SCRIPT_OUTPUT_FILE_0}\"\n";
			showEnvVarsInLog = 0;
		};
		C6A5AAC93B08188DAAC45938 /* [CP] Embed Pods Frameworks */ = {
			isa = PBXShellScriptBuildPhase;
			buildActionMask = 2147483647;
			files = (
			);
			inputFileListPaths = (
				"${PODS_ROOT}/Target Support Files/Pods-Hemitage-HemitageUITests/Pods-Hemitage-HemitageUITests-frameworks-${CONFIGURATION}-input-files.xcfilelist",
			);
			name = "[CP] Embed Pods Frameworks";
			outputFileListPaths = (
				"${PODS_ROOT}/Target Support Files/Pods-Hemitage-HemitageUITests/Pods-Hemitage-HemitageUITests-frameworks-${CONFIGURATION}-output-files.xcfilelist",
			);
			runOnlyForDeploymentPostprocessing = 0;
			shellPath = /bin/sh;
			shellScript = "\"${PODS_ROOT}/Target Support Files/Pods-Hemitage-HemitageUITests/Pods-Hemitage-HemitageUITests-frameworks.sh\"\n";
			showEnvVarsInLog = 0;
		};
		D78F27C661DF0FC4A0E532E6 /* [CP] Copy Pods Resources */ = {
			isa = PBXShellScriptBuildPhase;
			buildActionMask = 2147483647;
			files = (
			);
			inputFileListPaths = (
				"${PODS_ROOT}/Target Support Files/Pods-Hemitage/Pods-Hemitage-resources-${CONFIGURATION}-input-files.xcfilelist",
			);
			name = "[CP] Copy Pods Resources";
			outputFileListPaths = (
				"${PODS_ROOT}/Target Support Files/Pods-Hemitage/Pods-Hemitage-resources-${CONFIGURATION}-output-files.xcfilelist",
			);
			runOnlyForDeploymentPostprocessing = 0;
			shellPath = /bin/sh;
			shellScript = "\"${PODS_ROOT}/Target Support Files/Pods-Hemitage/Pods-Hemitage-resources.sh\"\n";
			showEnvVarsInLog = 0;
		};
		F1E79DDFFDF31AF09FB40E64 /* [CP] Check Pods Manifest.lock */ = {
			isa = PBXShellScriptBuildPhase;
			buildActionMask = 2147483647;
			files = (
			);
			inputFileListPaths = (
			);
			inputPaths = (
				"${PODS_PODFILE_DIR_PATH}/Podfile.lock",
				"${PODS_ROOT}/Manifest.lock",
			);
			name = "[CP] Check Pods Manifest.lock";
			outputFileListPaths = (
			);
			outputPaths = (
				"$(DERIVED_FILE_DIR)/Pods-HemitageTests-checkManifestLockResult.txt",
			);
			runOnlyForDeploymentPostprocessing = 0;
			shellPath = /bin/sh;
			shellScript = "diff \"${PODS_PODFILE_DIR_PATH}/Podfile.lock\" \"${PODS_ROOT}/Manifest.lock\" > /dev/null\nif [ $? != 0 ] ; then\n    # print error to STDERR\n    echo \"error: The sandbox is not in sync with the Podfile.lock. Run 'pod install' or update your CocoaPods installation.\" >&2\n    exit 1\nfi\n# This output is used by Xcode 'outputs' to avoid re-running this script phase.\necho \"SUCCESS\" > \"${SCRIPT_OUTPUT_FILE_0}\"\n";
			showEnvVarsInLog = 0;
		};
/* End PBXShellScriptBuildPhase section */

/* Begin PBXSourcesBuildPhase section */
		848CF73B26369F270070A3C6 /* Sources */ = {
			isa = PBXSourcesBuildPhase;
			buildActionMask = 2147483647;
			files = (
				84926F88264D3D14005E9074 /* MainScreenBuilder.swift in Sources */,
				84EB44EA2638026400828222 /* LoginViewController.swift in Sources */,
				849A50EA26394D600047340A /* AppDelegate+Navigation.swift in Sources */,
				84926F5A264D1389005E9074 /* BlogCollectionViewCellModelView.swift in Sources */,
				84926F8A264D48D3005E9074 /* MainScreenCollectionViewSetup.swift in Sources */,
				84A00AD5265E401C00087E07 /* NewPasscodeViewController.swift in Sources */,
				843F0B5826525EDE004DE5A8 /* StorageDirectory.swift in Sources */,
				84D7F82726441434004B2DB0 /* CategoriesCollectionViewCell.swift in Sources */,
				84A00ABB265B897000087E07 /* ImageFileManager.swift in Sources */,
				849C4E6F264AA01800C26C53 /* ConfiguringCell.swift in Sources */,
				849A510026399CE80047340A /* AuthorizationTypeQualifier.swift in Sources */,
				849C4E7F264BD11900C26C53 /* ViewModelTemplateSong.swift in Sources */,
				84D7F8232643F606004B2DB0 /* MapCollectionViewCell.swift in Sources */,
				843F0B7D26552918004DE5A8 /* FireStoreDataManager.swift in Sources */,
				849C4E7B264BBEB000C26C53 /* ViewModelTemplateHeader.swift in Sources */,
				849A51022639A2570047340A /* KeyboardManager.swift in Sources */,
				84D7F82B2644184F004B2DB0 /* BlogCollectionViewCell.swift in Sources */,
				84A00AC9265CE1E800087E07 /* PasscodeRecoveryViewModel.swift in Sources */,
				849C4E84264BEC1900C26C53 /* MainScreenCollectionViewDelegate.swift in Sources */,
				849A50F426397C250047340A /* LoginViewModel.swift in Sources */,
				849C4E6D264A922A00C26C53 /* MainScreenViewModel.swift in Sources */,
				84D7F80F2642B80C004B2DB0 /* MainScreenViewController.swift in Sources */,
				84205E57263832DB005264E8 /* UITextfield+View.swift in Sources */,
				84D7F7A3263C4E90004B2DB0 /* KeyboardManagerProtocol.swift in Sources */,
				84D7F798263C284D004B2DB0 /* AuthResultDelegate.swift in Sources */,
				84A00AD0265D1A9300087E07 /* PasswordManagerObserver.swift in Sources */,
				849A50FC26398E4A0047340A /* FirebaseError.swift in Sources */,
				843F0B812655345A004DE5A8 /* Date+StringPresentation.swift in Sources */,
				843F0B9326579F4A004DE5A8 /* ImageCacheManager.swift in Sources */,
				849A50F82639861E0047340A /* SignInViewModel.swift in Sources */,
				84DDE7332636CECE005D91C8 /* RootViewController.swift in Sources */,
				84D7F787263AB62F004B2DB0 /* AuthorizationType.swift in Sources */,
				849C4E71264ACB8500C26C53 /* ProfileModel.swift in Sources */,
				84926F54264D0A89005E9074 /* MapCollectionViewCellModelView.swift in Sources */,
				84D7F79E263C404D004B2DB0 /* AuthObserver.swift in Sources */,
				84A00ABF265B910400087E07 /* ImageManagerModel.swift in Sources */,
				84926F56264D0D1F005E9074 /* MainScreenCollectionViewCellModelViewProtocol.swift in Sources */,
				843F0B5D26527C02004DE5A8 /* FireStoreCacheDataManager.swift in Sources */,
				843F0B742655232E004DE5A8 /* DataStoreManager.swift in Sources */,
				843F0B79265528CF004DE5A8 /* FireStoreDataManagerProtocol.swift in Sources */,
				84D7F783263AB17C004B2DB0 /* UIViewController+Alert.swift in Sources */,
				849C4E60264A71F900C26C53 /* MainScreenTypeOfSection.swift in Sources */,
				849C4E73264ACC2200C26C53 /* CategoriesModel.swift in Sources */,
				843F0B8A265680B1004DE5A8 /* ContentManager.swift in Sources */,
				849A50FA2639874F0047340A /* Validation.swift in Sources */,
				84D7F79B263C2C26004B2DB0 /* LoginManager.swift in Sources */,
				84EB44E52637EEA400828222 /* UIViewController+Navigation.swift in Sources */,
				849C4E352646C90400C26C53 /* MainScreenLayoutConstructor.swift in Sources */,
				84A00AD2265D1BE400087E07 /* PasscodeManagerProtocol.swift in Sources */,
				84D7F7A1263C490F004B2DB0 /* KeyboardStateObserver.swift in Sources */,
				849C4E7D264BC01400C26C53 /* TemplatesViewModelProtocol.swift in Sources */,
				84D7F8142642C481004B2DB0 /* TemplateHeaderView.swift in Sources */,
				84D7F785263AB5C2004B2DB0 /* LoginStatus.swift in Sources */,
				849C4E75264ACC6600C26C53 /* BlogModel.swift in Sources */,
				849A50F626397FF10047340A /* SignInManager.swift in Sources */,
				84DB77EA26384AEE0094483E /* SignInViewController.swift in Sources */,
				84926F58264D1378005E9074 /* CategoriesCollectionViewCellModelView.swift in Sources */,
				848CF74726369F270070A3C6 /* WelcomeViewController.swift in Sources */,
				84D7F791263BE4F9004B2DB0 /* AppleFirebaseLoginManager.swift in Sources */,
				84D7F832264427E6004B2DB0 /* MainScreenDataSourceManager.swift in Sources */,
				84D7F78B263AF102004B2DB0 /* WelcomeViewModel.swift in Sources */,
				84A00AC5265BED3E00087E07 /* PasscodeRecoveryViewController.swift in Sources */,
				849C4E68264A8D3800C26C53 /* SongModel.swift in Sources */,
				843F0B8F265682BF004DE5A8 /* TypeOfChangeDocument.swift in Sources */,
				848CF74D26369F270070A3C6 /* Hemitage.xcdatamodeld in Sources */,
				84D7F789263AEAF4004B2DB0 /* FacebookFirebaseLoginManager.swift in Sources */,
				84D7F78D263AF8E9004B2DB0 /* LoginViewModelProtocol.swift in Sources */,
				843F0B5B26526E43004DE5A8 /* FireStoreCollectionName.swift in Sources */,
				849C4E79264B102800C26C53 /* MainScreenModelWrapper.swift in Sources */,
				84A00ACE265CFD2500087E07 /* PasswordManager.swift in Sources */,
				848CF74326369F270070A3C6 /* AppDelegate.swift in Sources */,
				849A50F2263972D10047340A /* EmailFireBaseLogInManager.swift in Sources */,
				849C4E332645723300C26C53 /* MainScreenHeaderView.swift in Sources */,
				84D7F830264424DF004B2DB0 /* Constants.swift in Sources */,
				849C4E77264B0E4D00C26C53 /* MapModel.swift in Sources */,
				843F0B6D26551D52004DE5A8 /* Article+CoreDataClass copy.swift in Sources */,
				84D7F81A2643D035004B2DB0 /* TemplateSongView.swift in Sources */,
				849C4E62264A750C00C26C53 /* MainScreenHeaderType.swift in Sources */,
				843F0B56264EB90F004DE5A8 /* FirebaseStorageManager.swift in Sources */,
			);
			runOnlyForDeploymentPostprocessing = 0;
		};
		848CF75426369F2C0070A3C6 /* Sources */ = {
			isa = PBXSourcesBuildPhase;
			buildActionMask = 2147483647;
			files = (
				843F0B6E26551D52004DE5A8 /* Article+CoreDataClass copy.swift in Sources */,
				843F0B822655345A004DE5A8 /* Date+StringPresentation.swift in Sources */,
				843F0B9426579F4A004DE5A8 /* ImageCacheManager.swift in Sources */,
				848CF75D26369F2C0070A3C6 /* HemitageTests.swift in Sources */,
				843F0B7E26552918004DE5A8 /* FireStoreDataManager.swift in Sources */,
				843F0B752655232E004DE5A8 /* DataStoreManager.swift in Sources */,
				843F0B7A265528CF004DE5A8 /* FireStoreDataManagerProtocol.swift in Sources */,
				843F0B8B265680B1004DE5A8 /* ContentManager.swift in Sources */,
			);
			runOnlyForDeploymentPostprocessing = 0;
		};
		848CF75F26369F2C0070A3C6 /* Sources */ = {
			isa = PBXSourcesBuildPhase;
			buildActionMask = 2147483647;
			files = (
				843F0B6F26551D52004DE5A8 /* Article+CoreDataClass copy.swift in Sources */,
				843F0B832655345A004DE5A8 /* Date+StringPresentation.swift in Sources */,
				843F0B9526579F4B004DE5A8 /* ImageCacheManager.swift in Sources */,
				848CF76826369F2C0070A3C6 /* HemitageUITests.swift in Sources */,
				843F0B7F26552918004DE5A8 /* FireStoreDataManager.swift in Sources */,
				843F0B762655232E004DE5A8 /* DataStoreManager.swift in Sources */,
				843F0B7B265528CF004DE5A8 /* FireStoreDataManagerProtocol.swift in Sources */,
				843F0B8C265680B1004DE5A8 /* ContentManager.swift in Sources */,
			);
			runOnlyForDeploymentPostprocessing = 0;
		};
/* End PBXSourcesBuildPhase section */

/* Begin PBXTargetDependency section */
		848CF75A26369F2C0070A3C6 /* PBXTargetDependency */ = {
			isa = PBXTargetDependency;
			target = 848CF73E26369F270070A3C6 /* Hemitage */;
			targetProxy = 848CF75926369F2C0070A3C6 /* PBXContainerItemProxy */;
		};
		848CF76526369F2C0070A3C6 /* PBXTargetDependency */ = {
			isa = PBXTargetDependency;
			target = 848CF73E26369F270070A3C6 /* Hemitage */;
			targetProxy = 848CF76426369F2C0070A3C6 /* PBXContainerItemProxy */;
		};
/* End PBXTargetDependency section */

/* Begin PBXVariantGroup section */
		848CF74826369F270070A3C6 /* WelcomeViewController.storyboard */ = {
			isa = PBXVariantGroup;
			children = (
				848CF74926369F270070A3C6 /* Base */,
			);
			name = WelcomeViewController.storyboard;
			sourceTree = "<group>";
		};
		848CF75026369F2C0070A3C6 /* LaunchScreen.storyboard */ = {
			isa = PBXVariantGroup;
			children = (
				848CF75126369F2C0070A3C6 /* Base */,
			);
			name = LaunchScreen.storyboard;
			sourceTree = "<group>";
		};
		84DDE72D2636CD6D005D91C8 /* Localizable.strings */ = {
			isa = PBXVariantGroup;
			children = (
				84DDE72C2636CD6D005D91C8 /* en */,
				84DDE7312636CD71005D91C8 /* ru-RU */,
			);
			name = Localizable.strings;
			sourceTree = "<group>";
		};
/* End PBXVariantGroup section */

/* Begin XCBuildConfiguration section */
		848CF76A26369F2C0070A3C6 /* Debug */ = {
			isa = XCBuildConfiguration;
			buildSettings = {
				ALWAYS_SEARCH_USER_PATHS = NO;
				CLANG_ANALYZER_LOCALIZABILITY_NONLOCALIZED = YES;
				CLANG_ANALYZER_NONNULL = YES;
				CLANG_ANALYZER_NUMBER_OBJECT_CONVERSION = YES_AGGRESSIVE;
				CLANG_CXX_LANGUAGE_STANDARD = "gnu++14";
				CLANG_CXX_LIBRARY = "libc++";
				CLANG_ENABLE_MODULES = YES;
				CLANG_ENABLE_OBJC_ARC = YES;
				CLANG_ENABLE_OBJC_WEAK = YES;
				CLANG_WARN_BLOCK_CAPTURE_AUTORELEASING = YES;
				CLANG_WARN_BOOL_CONVERSION = YES;
				CLANG_WARN_COMMA = YES;
				CLANG_WARN_CONSTANT_CONVERSION = YES;
				CLANG_WARN_DEPRECATED_OBJC_IMPLEMENTATIONS = YES;
				CLANG_WARN_DIRECT_OBJC_ISA_USAGE = YES_ERROR;
				CLANG_WARN_DOCUMENTATION_COMMENTS = YES;
				CLANG_WARN_EMPTY_BODY = YES;
				CLANG_WARN_ENUM_CONVERSION = YES;
				CLANG_WARN_INFINITE_RECURSION = YES;
				CLANG_WARN_INT_CONVERSION = YES;
				CLANG_WARN_NON_LITERAL_NULL_CONVERSION = YES;
				CLANG_WARN_OBJC_IMPLICIT_RETAIN_SELF = YES;
				CLANG_WARN_OBJC_LITERAL_CONVERSION = YES;
				CLANG_WARN_OBJC_ROOT_CLASS = YES_ERROR;
				CLANG_WARN_QUOTED_INCLUDE_IN_FRAMEWORK_HEADER = YES;
				CLANG_WARN_RANGE_LOOP_ANALYSIS = YES;
				CLANG_WARN_STRICT_PROTOTYPES = YES;
				CLANG_WARN_SUSPICIOUS_MOVE = YES;
				CLANG_WARN_UNGUARDED_AVAILABILITY = YES_AGGRESSIVE;
				CLANG_WARN_UNREACHABLE_CODE = YES;
				CLANG_WARN__DUPLICATE_METHOD_MATCH = YES;
				COPY_PHASE_STRIP = NO;
				DEBUG_INFORMATION_FORMAT = dwarf;
				ENABLE_STRICT_OBJC_MSGSEND = YES;
				ENABLE_TESTABILITY = YES;
				GCC_C_LANGUAGE_STANDARD = gnu11;
				GCC_DYNAMIC_NO_PIC = NO;
				GCC_NO_COMMON_BLOCKS = YES;
				GCC_OPTIMIZATION_LEVEL = 0;
				GCC_PREPROCESSOR_DEFINITIONS = (
					"DEBUG=1",
					"$(inherited)",
				);
				GCC_WARN_64_TO_32_BIT_CONVERSION = YES;
				GCC_WARN_ABOUT_RETURN_TYPE = YES_ERROR;
				GCC_WARN_UNDECLARED_SELECTOR = YES;
				GCC_WARN_UNINITIALIZED_AUTOS = YES_AGGRESSIVE;
				GCC_WARN_UNUSED_FUNCTION = YES;
				GCC_WARN_UNUSED_VARIABLE = YES;
				IPHONEOS_DEPLOYMENT_TARGET = 14.4;
				MTL_ENABLE_DEBUG_INFO = INCLUDE_SOURCE;
				MTL_FAST_MATH = YES;
				ONLY_ACTIVE_ARCH = YES;
				SDKROOT = iphoneos;
				SWIFT_ACTIVE_COMPILATION_CONDITIONS = DEBUG;
				SWIFT_OPTIMIZATION_LEVEL = "-Onone";
			};
			name = Debug;
		};
		848CF76B26369F2C0070A3C6 /* Release */ = {
			isa = XCBuildConfiguration;
			buildSettings = {
				ALWAYS_SEARCH_USER_PATHS = NO;
				CLANG_ANALYZER_LOCALIZABILITY_NONLOCALIZED = YES;
				CLANG_ANALYZER_NONNULL = YES;
				CLANG_ANALYZER_NUMBER_OBJECT_CONVERSION = YES_AGGRESSIVE;
				CLANG_CXX_LANGUAGE_STANDARD = "gnu++14";
				CLANG_CXX_LIBRARY = "libc++";
				CLANG_ENABLE_MODULES = YES;
				CLANG_ENABLE_OBJC_ARC = YES;
				CLANG_ENABLE_OBJC_WEAK = YES;
				CLANG_WARN_BLOCK_CAPTURE_AUTORELEASING = YES;
				CLANG_WARN_BOOL_CONVERSION = YES;
				CLANG_WARN_COMMA = YES;
				CLANG_WARN_CONSTANT_CONVERSION = YES;
				CLANG_WARN_DEPRECATED_OBJC_IMPLEMENTATIONS = YES;
				CLANG_WARN_DIRECT_OBJC_ISA_USAGE = YES_ERROR;
				CLANG_WARN_DOCUMENTATION_COMMENTS = YES;
				CLANG_WARN_EMPTY_BODY = YES;
				CLANG_WARN_ENUM_CONVERSION = YES;
				CLANG_WARN_INFINITE_RECURSION = YES;
				CLANG_WARN_INT_CONVERSION = YES;
				CLANG_WARN_NON_LITERAL_NULL_CONVERSION = YES;
				CLANG_WARN_OBJC_IMPLICIT_RETAIN_SELF = YES;
				CLANG_WARN_OBJC_LITERAL_CONVERSION = YES;
				CLANG_WARN_OBJC_ROOT_CLASS = YES_ERROR;
				CLANG_WARN_QUOTED_INCLUDE_IN_FRAMEWORK_HEADER = YES;
				CLANG_WARN_RANGE_LOOP_ANALYSIS = YES;
				CLANG_WARN_STRICT_PROTOTYPES = YES;
				CLANG_WARN_SUSPICIOUS_MOVE = YES;
				CLANG_WARN_UNGUARDED_AVAILABILITY = YES_AGGRESSIVE;
				CLANG_WARN_UNREACHABLE_CODE = YES;
				CLANG_WARN__DUPLICATE_METHOD_MATCH = YES;
				COPY_PHASE_STRIP = NO;
				DEBUG_INFORMATION_FORMAT = "dwarf-with-dsym";
				ENABLE_NS_ASSERTIONS = NO;
				ENABLE_STRICT_OBJC_MSGSEND = YES;
				GCC_C_LANGUAGE_STANDARD = gnu11;
				GCC_NO_COMMON_BLOCKS = YES;
				GCC_WARN_64_TO_32_BIT_CONVERSION = YES;
				GCC_WARN_ABOUT_RETURN_TYPE = YES_ERROR;
				GCC_WARN_UNDECLARED_SELECTOR = YES;
				GCC_WARN_UNINITIALIZED_AUTOS = YES_AGGRESSIVE;
				GCC_WARN_UNUSED_FUNCTION = YES;
				GCC_WARN_UNUSED_VARIABLE = YES;
				IPHONEOS_DEPLOYMENT_TARGET = 14.4;
				MTL_ENABLE_DEBUG_INFO = NO;
				MTL_FAST_MATH = YES;
				SDKROOT = iphoneos;
				SWIFT_COMPILATION_MODE = wholemodule;
				SWIFT_OPTIMIZATION_LEVEL = "-O";
				VALIDATE_PRODUCT = YES;
			};
			name = Release;
		};
		848CF76D26369F2C0070A3C6 /* Debug */ = {
			isa = XCBuildConfiguration;
			baseConfigurationReference = 1B78CCC1088D24AA6889581E /* Pods-Hemitage.debug.xcconfig */;
			buildSettings = {
				ASSETCATALOG_COMPILER_APPICON_NAME = AppIcon;
				ASSETCATALOG_COMPILER_GLOBAL_ACCENT_COLOR_NAME = AccentColor;
				CODE_SIGN_ENTITLEMENTS = Hemitage/Hemitage.entitlements;
				CODE_SIGN_STYLE = Automatic;
				DEVELOPMENT_TEAM = 2X76T92HD6;
				INFOPLIST_FILE = Hemitage/Settings/Info.plist;
				LD_RUNPATH_SEARCH_PATHS = (
					"$(inherited)",
					"@executable_path/Frameworks",
				);
				PRODUCT_BUNDLE_IDENTIFIER = com.a5.Hemitage;
				PRODUCT_NAME = "$(TARGET_NAME)";
				SWIFT_VERSION = 5.0;
				TARGETED_DEVICE_FAMILY = "1,2";
			};
			name = Debug;
		};
		848CF76E26369F2C0070A3C6 /* Release */ = {
			isa = XCBuildConfiguration;
			baseConfigurationReference = 9F311DCD9DD40862B92A5016 /* Pods-Hemitage.release.xcconfig */;
			buildSettings = {
				ASSETCATALOG_COMPILER_APPICON_NAME = AppIcon;
				ASSETCATALOG_COMPILER_GLOBAL_ACCENT_COLOR_NAME = AccentColor;
				CODE_SIGN_ENTITLEMENTS = Hemitage/Hemitage.entitlements;
				CODE_SIGN_STYLE = Automatic;
				DEVELOPMENT_TEAM = 2X76T92HD6;
				INFOPLIST_FILE = Hemitage/Settings/Info.plist;
				LD_RUNPATH_SEARCH_PATHS = (
					"$(inherited)",
					"@executable_path/Frameworks",
				);
				PRODUCT_BUNDLE_IDENTIFIER = com.a5.Hemitage;
				PRODUCT_NAME = "$(TARGET_NAME)";
				SWIFT_VERSION = 5.0;
				TARGETED_DEVICE_FAMILY = "1,2";
			};
			name = Release;
		};
		848CF77026369F2C0070A3C6 /* Debug */ = {
			isa = XCBuildConfiguration;
			baseConfigurationReference = 068CE2E5D04A901445AA6FB4 /* Pods-HemitageTests.debug.xcconfig */;
			buildSettings = {
				ALWAYS_EMBED_SWIFT_STANDARD_LIBRARIES = YES;
				BUNDLE_LOADER = "$(TEST_HOST)";
				CODE_SIGN_STYLE = Automatic;
				DEVELOPMENT_TEAM = G8XDUUWJVM;
				INFOPLIST_FILE = HemitageTests/Info.plist;
				IPHONEOS_DEPLOYMENT_TARGET = 14.4;
				LD_RUNPATH_SEARCH_PATHS = (
					"$(inherited)",
					"@executable_path/Frameworks",
					"@loader_path/Frameworks",
				);
				PRODUCT_BUNDLE_IDENTIFIER = alina.p.HemitageTests;
				PRODUCT_NAME = "$(TARGET_NAME)";
				SWIFT_VERSION = 5.0;
				TARGETED_DEVICE_FAMILY = "1,2";
				TEST_HOST = "$(BUILT_PRODUCTS_DIR)/Hemitage.app/Hemitage";
			};
			name = Debug;
		};
		848CF77126369F2C0070A3C6 /* Release */ = {
			isa = XCBuildConfiguration;
			baseConfigurationReference = DA0E06E33BA46AF8CDE450FB /* Pods-HemitageTests.release.xcconfig */;
			buildSettings = {
				ALWAYS_EMBED_SWIFT_STANDARD_LIBRARIES = YES;
				BUNDLE_LOADER = "$(TEST_HOST)";
				CODE_SIGN_STYLE = Automatic;
				DEVELOPMENT_TEAM = G8XDUUWJVM;
				INFOPLIST_FILE = HemitageTests/Info.plist;
				IPHONEOS_DEPLOYMENT_TARGET = 14.4;
				LD_RUNPATH_SEARCH_PATHS = (
					"$(inherited)",
					"@executable_path/Frameworks",
					"@loader_path/Frameworks",
				);
				PRODUCT_BUNDLE_IDENTIFIER = alina.p.HemitageTests;
				PRODUCT_NAME = "$(TARGET_NAME)";
				SWIFT_VERSION = 5.0;
				TARGETED_DEVICE_FAMILY = "1,2";
				TEST_HOST = "$(BUILT_PRODUCTS_DIR)/Hemitage.app/Hemitage";
			};
			name = Release;
		};
		848CF77326369F2C0070A3C6 /* Debug */ = {
			isa = XCBuildConfiguration;
			baseConfigurationReference = 0E5B51B0A79B42A820DC6A7A /* Pods-Hemitage-HemitageUITests.debug.xcconfig */;
			buildSettings = {
				ALWAYS_EMBED_SWIFT_STANDARD_LIBRARIES = YES;
				CODE_SIGN_STYLE = Automatic;
				DEVELOPMENT_TEAM = G8XDUUWJVM;
				INFOPLIST_FILE = HemitageUITests/Info.plist;
				LD_RUNPATH_SEARCH_PATHS = (
					"$(inherited)",
					"@executable_path/Frameworks",
					"@loader_path/Frameworks",
				);
				PRODUCT_BUNDLE_IDENTIFIER = alina.p.HemitageUITests;
				PRODUCT_NAME = "$(TARGET_NAME)";
				SWIFT_VERSION = 5.0;
				TARGETED_DEVICE_FAMILY = "1,2";
				TEST_TARGET_NAME = Hemitage;
			};
			name = Debug;
		};
		848CF77426369F2C0070A3C6 /* Release */ = {
			isa = XCBuildConfiguration;
			baseConfigurationReference = 88A58A97CB67C0588BA66AD5 /* Pods-Hemitage-HemitageUITests.release.xcconfig */;
			buildSettings = {
				ALWAYS_EMBED_SWIFT_STANDARD_LIBRARIES = YES;
				CODE_SIGN_STYLE = Automatic;
				DEVELOPMENT_TEAM = G8XDUUWJVM;
				INFOPLIST_FILE = HemitageUITests/Info.plist;
				LD_RUNPATH_SEARCH_PATHS = (
					"$(inherited)",
					"@executable_path/Frameworks",
					"@loader_path/Frameworks",
				);
				PRODUCT_BUNDLE_IDENTIFIER = alina.p.HemitageUITests;
				PRODUCT_NAME = "$(TARGET_NAME)";
				SWIFT_VERSION = 5.0;
				TARGETED_DEVICE_FAMILY = "1,2";
				TEST_TARGET_NAME = Hemitage;
			};
			name = Release;
		};
/* End XCBuildConfiguration section */

/* Begin XCConfigurationList section */
		848CF73A26369F270070A3C6 /* Build configuration list for PBXProject "Hemitage" */ = {
			isa = XCConfigurationList;
			buildConfigurations = (
				848CF76A26369F2C0070A3C6 /* Debug */,
				848CF76B26369F2C0070A3C6 /* Release */,
			);
			defaultConfigurationIsVisible = 0;
			defaultConfigurationName = Release;
		};
		848CF76C26369F2C0070A3C6 /* Build configuration list for PBXNativeTarget "Hemitage" */ = {
			isa = XCConfigurationList;
			buildConfigurations = (
				848CF76D26369F2C0070A3C6 /* Debug */,
				848CF76E26369F2C0070A3C6 /* Release */,
			);
			defaultConfigurationIsVisible = 0;
			defaultConfigurationName = Release;
		};
		848CF76F26369F2C0070A3C6 /* Build configuration list for PBXNativeTarget "HemitageTests" */ = {
			isa = XCConfigurationList;
			buildConfigurations = (
				848CF77026369F2C0070A3C6 /* Debug */,
				848CF77126369F2C0070A3C6 /* Release */,
			);
			defaultConfigurationIsVisible = 0;
			defaultConfigurationName = Release;
		};
		848CF77226369F2C0070A3C6 /* Build configuration list for PBXNativeTarget "HemitageUITests" */ = {
			isa = XCConfigurationList;
			buildConfigurations = (
				848CF77326369F2C0070A3C6 /* Debug */,
				848CF77426369F2C0070A3C6 /* Release */,
			);
			defaultConfigurationIsVisible = 0;
			defaultConfigurationName = Release;
		};
/* End XCConfigurationList section */

/* Begin XCVersionGroup section */
		848CF74B26369F270070A3C6 /* Hemitage.xcdatamodeld */ = {
			isa = XCVersionGroup;
			children = (
				848CF74C26369F270070A3C6 /* Hemitage.xcdatamodel */,
			);
			currentVersion = 848CF74C26369F270070A3C6 /* Hemitage.xcdatamodel */;
			path = Hemitage.xcdatamodeld;
			sourceTree = "<group>";
			versionGroupType = wrapper.xcdatamodel;
		};
/* End XCVersionGroup section */
	};
	rootObject = 848CF73726369F270070A3C6 /* Project object */;
}
